// !$*UTF8*$!
{
	archiveVersion = 1;
	classes = {
	};
	objectVersion = 46;
	objects = {

/* Begin PBXBuildFile section */
		004708171694F122008D5B45 /* OpenAL.framework in Frameworks */ = {isa = PBXBuildFile; fileRef = 004708161694F122008D5B45 /* OpenAL.framework */; };
		004708191694F128008D5B45 /* AudioToolbox.framework in Frameworks */ = {isa = PBXBuildFile; fileRef = 004708181694F128008D5B45 /* AudioToolbox.framework */; };
		0047081B1694F142008D5B45 /* QuartzCore.framework in Frameworks */ = {isa = PBXBuildFile; fileRef = 0047081A1694F142008D5B45 /* QuartzCore.framework */; };
		004708221694F2B2008D5B45 /* Cocoa.framework in Frameworks */ = {isa = PBXBuildFile; fileRef = 004707721694EDE8008D5B45 /* Cocoa.framework */; };
		004708281694F2B2008D5B45 /* InfoPlist.strings in Resources */ = {isa = PBXBuildFile; fileRef = 004708261694F2B2008D5B45 /* InfoPlist.strings */; };
		0047082A1694F2B2008D5B45 /* main.m in Sources */ = {isa = PBXBuildFile; fileRef = 004708291694F2B2008D5B45 /* main.m */; };
		0047082E1694F2B2008D5B45 /* Credits.rtf in Resources */ = {isa = PBXBuildFile; fileRef = 0047082C1694F2B2008D5B45 /* Credits.rtf */; };
		004708311694F2B2008D5B45 /* AppDelegate.m in Sources */ = {isa = PBXBuildFile; fileRef = 004708301694F2B2008D5B45 /* AppDelegate.m */; };
		004708341694F2B2008D5B45 /* MainMenu.xib in Resources */ = {isa = PBXBuildFile; fileRef = 004708321694F2B2008D5B45 /* MainMenu.xib */; };
		004708381694F340008D5B45 /* ALmixer.framework in Frameworks */ = {isa = PBXBuildFile; fileRef = 0047076F1694EDE8008D5B45 /* ALmixer.framework */; };
		0047083C1694F35B008D5B45 /* ALmixer.framework in CopyFiles */ = {isa = PBXBuildFile; fileRef = 0047076F1694EDE8008D5B45 /* ALmixer.framework */; };
		0047083E1694F3ED008D5B45 /* battle_hymn_of_the_republic.mp3 in Resources */ = {isa = PBXBuildFile; fileRef = 0047083D1694F3ED008D5B45 /* battle_hymn_of_the_republic.mp3 */; };
		006C975019123B97008B0A48 /* SDL2.framework in Frameworks */ = {isa = PBXBuildFile; fileRef = 006C974D19123A78008B0A48 /* SDL2.framework */; };
		006C975119123B98008B0A48 /* SDL2.framework in Frameworks */ = {isa = PBXBuildFile; fileRef = 006C974D19123A78008B0A48 /* SDL2.framework */; };
		00D636951913B235004F6671 /* ALmixer.h in Headers */ = {isa = PBXBuildFile; fileRef = 00D636521913B235004F6671 /* ALmixer.h */; };
		00D636961913B235004F6671 /* ALmixer_PlatformExtensions.h in Headers */ = {isa = PBXBuildFile; fileRef = 00D636531913B235004F6671 /* ALmixer_PlatformExtensions.h */; };
		00D636971913B235004F6671 /* ALmixer_RWops.h in Headers */ = {isa = PBXBuildFile; fileRef = 00D636541913B235004F6671 /* ALmixer_RWops.h */; };
		00D636981913B235004F6671 /* ALmixer.c in Sources */ = {isa = PBXBuildFile; fileRef = 00D636561913B235004F6671 /* ALmixer.c */; };
		00D6369B1913B235004F6671 /* CircularQueue.c in Sources */ = {isa = PBXBuildFile; fileRef = 00D636591913B235004F6671 /* CircularQueue.c */; };
		00D6369C1913B235004F6671 /* CircularQueue.h in Headers */ = {isa = PBXBuildFile; fileRef = 00D6365A1913B235004F6671 /* CircularQueue.h */; };
		00D6369D1913B235004F6671 /* LinkedList.c in Sources */ = {isa = PBXBuildFile; fileRef = 00D6365B1913B235004F6671 /* LinkedList.c */; };
		00D6369E1913B235004F6671 /* LinkedList.h in Headers */ = {isa = PBXBuildFile; fileRef = 00D6365C1913B235004F6671 /* LinkedList.h */; };
		00D636BD1913B236004F6671 /* coreaudio.c in Sources */ = {isa = PBXBuildFile; fileRef = 00D636851913B235004F6671 /* coreaudio.c */; };
		00D636C41913B237004F6671 /* SoundDecoder.c in Sources */ = {isa = PBXBuildFile; fileRef = 00D6368D1913B235004F6671 /* SoundDecoder.c */; };
		00D636C51913B237004F6671 /* SoundDecoder.h in Headers */ = {isa = PBXBuildFile; fileRef = 00D6368E1913B235004F6671 /* SoundDecoder.h */; };
		00D636C61913B237004F6671 /* SoundDecoder_Internal.h in Headers */ = {isa = PBXBuildFile; fileRef = 00D6368F1913B235004F6671 /* SoundDecoder_Internal.h */; };
		00D636CA1913B237004F6671 /* tErrorLib.c in Sources */ = {isa = PBXBuildFile; fileRef = 00D636931913B235004F6671 /* tErrorLib.c */; };
		00D636CB1913B237004F6671 /* tErrorLib.h in Headers */ = {isa = PBXBuildFile; fileRef = 00D636941913B235004F6671 /* tErrorLib.h */; };
		00D636FE1913B424004F6671 /* ALmixer_internal.h in Headers */ = {isa = PBXBuildFile; fileRef = 00D636E01913B424004F6671 /* ALmixer_internal.h */; };
		00D637011913B424004F6671 /* ALmixer_RWops.c in Sources */ = {isa = PBXBuildFile; fileRef = 00D636E61913B424004F6671 /* ALmixer_RWops.c */; };
		00D637021913B424004F6671 /* ALmixer_rwopsbundlesupport.h in Headers */ = {isa = PBXBuildFile; fileRef = 00D636E81913B424004F6671 /* ALmixer_rwopsbundlesupport.h */; };
		00D637031913B424004F6671 /* ALmixer_rwopsbundlesupport.m in Sources */ = {isa = PBXBuildFile; fileRef = 00D636E91913B424004F6671 /* ALmixer_rwopsbundlesupport.m */; };
/* End PBXBuildFile section */

/* Begin PBXContainerItemProxy section */
		004708391694F344008D5B45 /* PBXContainerItemProxy */ = {
			isa = PBXContainerItemProxy;
			containerPortal = 004707651694EDE8008D5B45 /* Project object */;
			proxyType = 1;
			remoteGlobalIDString = 0047076E1694EDE8008D5B45;
			remoteInfo = ALmixer;
		};
/* End PBXContainerItemProxy section */

/* Begin PBXCopyFilesBuildPhase section */
		0047083B1694F34C008D5B45 /* CopyFiles */ = {
			isa = PBXCopyFilesBuildPhase;
			buildActionMask = 2147483647;
			dstPath = "";
			dstSubfolderSpec = 10;
			files = (
				0047083C1694F35B008D5B45 /* ALmixer.framework in CopyFiles */,
			);
			runOnlyForDeploymentPostprocessing = 0;
		};
/* End PBXCopyFilesBuildPhase section */

/* Begin PBXFileReference section */
		00003F31180B7CAF005C5A7B /* ALmixer-Info.plist */ = {isa = PBXFileReference; fileEncoding = 4; lastKnownFileType = text.plist.xml; name = "ALmixer-Info.plist"; path = "ALmixer/ALmixer-Info.plist"; sourceTree = "<group>"; };
		0047076F1694EDE8008D5B45 /* ALmixer.framework */ = {isa = PBXFileReference; explicitFileType = wrapper.framework; includeInIndex = 0; path = ALmixer.framework; sourceTree = BUILT_PRODUCTS_DIR; };
		004707721694EDE8008D5B45 /* Cocoa.framework */ = {isa = PBXFileReference; lastKnownFileType = wrapper.framework; name = Cocoa.framework; path = System/Library/Frameworks/Cocoa.framework; sourceTree = SDKROOT; };
		004707751694EDE8008D5B45 /* AppKit.framework */ = {isa = PBXFileReference; lastKnownFileType = wrapper.framework; name = AppKit.framework; path = System/Library/Frameworks/AppKit.framework; sourceTree = SDKROOT; };
		004707761694EDE8008D5B45 /* CoreData.framework */ = {isa = PBXFileReference; lastKnownFileType = wrapper.framework; name = CoreData.framework; path = System/Library/Frameworks/CoreData.framework; sourceTree = SDKROOT; };
		004707771694EDE8008D5B45 /* Foundation.framework */ = {isa = PBXFileReference; lastKnownFileType = wrapper.framework; name = Foundation.framework; path = System/Library/Frameworks/Foundation.framework; sourceTree = SDKROOT; };
		004708161694F122008D5B45 /* OpenAL.framework */ = {isa = PBXFileReference; lastKnownFileType = wrapper.framework; name = OpenAL.framework; path = System/Library/Frameworks/OpenAL.framework; sourceTree = SDKROOT; };
		004708181694F128008D5B45 /* AudioToolbox.framework */ = {isa = PBXFileReference; lastKnownFileType = wrapper.framework; name = AudioToolbox.framework; path = System/Library/Frameworks/AudioToolbox.framework; sourceTree = SDKROOT; };
		0047081A1694F142008D5B45 /* QuartzCore.framework */ = {isa = PBXFileReference; lastKnownFileType = wrapper.framework; name = QuartzCore.framework; path = System/Library/Frameworks/QuartzCore.framework; sourceTree = SDKROOT; };
		004708201694F2B2008D5B45 /* playstream.app */ = {isa = PBXFileReference; explicitFileType = wrapper.application; includeInIndex = 0; path = playstream.app; sourceTree = BUILT_PRODUCTS_DIR; };
		004708251694F2B2008D5B45 /* playstream-Info.plist */ = {isa = PBXFileReference; lastKnownFileType = text.plist.xml; path = "playstream-Info.plist"; sourceTree = "<group>"; };
		004708271694F2B2008D5B45 /* en */ = {isa = PBXFileReference; lastKnownFileType = text.plist.strings; name = en; path = en.lproj/InfoPlist.strings; sourceTree = "<group>"; };
		004708291694F2B2008D5B45 /* main.m */ = {isa = PBXFileReference; lastKnownFileType = sourcecode.c.objc; path = main.m; sourceTree = "<group>"; };
		0047082B1694F2B2008D5B45 /* playstream-Prefix.pch */ = {isa = PBXFileReference; lastKnownFileType = sourcecode.c.h; path = "playstream-Prefix.pch"; sourceTree = "<group>"; };
		0047082D1694F2B2008D5B45 /* en */ = {isa = PBXFileReference; lastKnownFileType = text.rtf; name = en; path = en.lproj/Credits.rtf; sourceTree = "<group>"; };
		0047082F1694F2B2008D5B45 /* AppDelegate.h */ = {isa = PBXFileReference; lastKnownFileType = sourcecode.c.h; path = AppDelegate.h; sourceTree = "<group>"; };
		004708301694F2B2008D5B45 /* AppDelegate.m */ = {isa = PBXFileReference; lastKnownFileType = sourcecode.c.objc; path = AppDelegate.m; sourceTree = "<group>"; };
		004708331694F2B2008D5B45 /* en */ = {isa = PBXFileReference; lastKnownFileType = file.xib; name = en; path = en.lproj/MainMenu.xib; sourceTree = "<group>"; };
		0047083D1694F3ED008D5B45 /* battle_hymn_of_the_republic.mp3 */ = {isa = PBXFileReference; lastKnownFileType = audio.mp3; name = battle_hymn_of_the_republic.mp3; path = ../../../EXAMPLES/Resources/battle_hymn_of_the_republic.mp3; sourceTree = "<group>"; };
		006C974D19123A78008B0A48 /* SDL2.framework */ = {isa = PBXFileReference; lastKnownFileType = wrapper.framework; name = SDL2.framework; path = "../../../../../../../Library/Developer/Xcode/DerivedData/SDL-bewofwcxfwgkpidfmadjwahyhbvy/Build/Products/Debug/SDL2.framework"; sourceTree = "<group>"; };
		00D636521913B235004F6671 /* ALmixer.h */ = {isa = PBXFileReference; fileEncoding = 4; lastKnownFileType = sourcecode.c.h; path = ALmixer.h; sourceTree = "<group>"; };
		00D636531913B235004F6671 /* ALmixer_PlatformExtensions.h */ = {isa = PBXFileReference; fileEncoding = 4; lastKnownFileType = sourcecode.c.h; path = ALmixer_PlatformExtensions.h; sourceTree = "<group>"; };
		00D636541913B235004F6671 /* ALmixer_RWops.h */ = {isa = PBXFileReference; fileEncoding = 4; lastKnownFileType = sourcecode.c.h; path = ALmixer_RWops.h; sourceTree = "<group>"; };
		00D636561913B235004F6671 /* ALmixer.c */ = {isa = PBXFileReference; fileEncoding = 4; lastKnownFileType = sourcecode.c.c; path = ALmixer.c; sourceTree = "<group>"; };
		00D636571913B235004F6671 /* ALmixer_AndroidExtensions.c */ = {isa = PBXFileReference; fileEncoding = 4; lastKnownFileType = sourcecode.c.c; path = ALmixer_AndroidExtensions.c; sourceTree = "<group>"; };
		00D636581913B235004F6671 /* ALmixer_AndroidExtensions.h */ = {isa = PBXFileReference; fileEncoding = 4; lastKnownFileType = sourcecode.c.h; path = ALmixer_AndroidExtensions.h; sourceTree = "<group>"; };
		00D636591913B235004F6671 /* CircularQueue.c */ = {isa = PBXFileReference; fileEncoding = 4; lastKnownFileType = sourcecode.c.c; path = CircularQueue.c; sourceTree = "<group>"; };
		00D6365A1913B235004F6671 /* CircularQueue.h */ = {isa = PBXFileReference; fileEncoding = 4; lastKnownFileType = sourcecode.c.h; path = CircularQueue.h; sourceTree = "<group>"; };
		00D6365B1913B235004F6671 /* LinkedList.c */ = {isa = PBXFileReference; fileEncoding = 4; lastKnownFileType = sourcecode.c.c; path = LinkedList.c; sourceTree = "<group>"; };
		00D6365C1913B235004F6671 /* LinkedList.h */ = {isa = PBXFileReference; fileEncoding = 4; lastKnownFileType = sourcecode.c.h; path = LinkedList.h; sourceTree = "<group>"; };
		00D636851913B235004F6671 /* coreaudio.c */ = {isa = PBXFileReference; fileEncoding = 4; lastKnownFileType = sourcecode.c.c; path = coreaudio.c; sourceTree = "<group>"; };
		00D636871913B235004F6671 /* mpg123.c */ = {isa = PBXFileReference; fileEncoding = 4; lastKnownFileType = sourcecode.c.c; path = mpg123.c; sourceTree = "<group>"; };
		00D636881913B235004F6671 /* oggtremor.c */ = {isa = PBXFileReference; fileEncoding = 4; lastKnownFileType = sourcecode.c.c; path = oggtremor.c; sourceTree = "<group>"; };
		00D636891913B235004F6671 /* oggvorbis.c */ = {isa = PBXFileReference; fileEncoding = 4; lastKnownFileType = sourcecode.c.c; path = oggvorbis.c; sourceTree = "<group>"; };
		00D6368A1913B235004F6671 /* SDL_sound_minimal.c */ = {isa = PBXFileReference; fileEncoding = 4; lastKnownFileType = sourcecode.c.c; path = SDL_sound_minimal.c; sourceTree = "<group>"; };
		00D6368B1913B235004F6671 /* wav.c */ = {isa = PBXFileReference; fileEncoding = 4; lastKnownFileType = sourcecode.c.c; path = wav.c; sourceTree = "<group>"; };
		00D6368C1913B235004F6671 /* OpenSLES_Android.c */ = {isa = PBXFileReference; fileEncoding = 4; lastKnownFileType = sourcecode.c.c; path = OpenSLES_Android.c; sourceTree = "<group>"; };
		00D6368D1913B235004F6671 /* SoundDecoder.c */ = {isa = PBXFileReference; fileEncoding = 4; lastKnownFileType = sourcecode.c.c; path = SoundDecoder.c; sourceTree = "<group>"; };
		00D6368E1913B235004F6671 /* SoundDecoder.h */ = {isa = PBXFileReference; fileEncoding = 4; lastKnownFileType = sourcecode.c.h; path = SoundDecoder.h; sourceTree = "<group>"; };
		00D6368F1913B235004F6671 /* SoundDecoder_Internal.h */ = {isa = PBXFileReference; fileEncoding = 4; lastKnownFileType = sourcecode.c.h; path = SoundDecoder_Internal.h; sourceTree = "<group>"; };
		00D636901913B235004F6671 /* WindowsMediaFoundation.cpp */ = {isa = PBXFileReference; fileEncoding = 4; lastKnownFileType = sourcecode.cpp.cpp; path = WindowsMediaFoundation.cpp; sourceTree = "<group>"; };
		00D636911913B235004F6671 /* WindowsMediaFoundation_IMFByteStreamRWops.cpp */ = {isa = PBXFileReference; fileEncoding = 4; lastKnownFileType = sourcecode.cpp.cpp; path = WindowsMediaFoundation_IMFByteStreamRWops.cpp; sourceTree = "<group>"; };
		00D636921913B235004F6671 /* WindowsMediaFoundation_IMFByteStreamRWops.hpp */ = {isa = PBXFileReference; fileEncoding = 4; lastKnownFileType = sourcecode.cpp.h; path = WindowsMediaFoundation_IMFByteStreamRWops.hpp; sourceTree = "<group>"; };
		00D636931913B235004F6671 /* tErrorLib.c */ = {isa = PBXFileReference; fileEncoding = 4; lastKnownFileType = sourcecode.c.c; path = tErrorLib.c; sourceTree = "<group>"; };
		00D636941913B235004F6671 /* tErrorLib.h */ = {isa = PBXFileReference; fileEncoding = 4; lastKnownFileType = sourcecode.c.h; path = tErrorLib.h; sourceTree = "<group>"; };
		00D636E01913B424004F6671 /* ALmixer_internal.h */ = {isa = PBXFileReference; fileEncoding = 4; lastKnownFileType = sourcecode.c.h; path = ALmixer_internal.h; sourceTree = "<group>"; };
		00D636E61913B424004F6671 /* ALmixer_RWops.c */ = {isa = PBXFileReference; fileEncoding = 4; lastKnownFileType = sourcecode.c.c; path = ALmixer_RWops.c; sourceTree = "<group>"; };
		00D636E81913B424004F6671 /* ALmixer_rwopsbundlesupport.h */ = {isa = PBXFileReference; fileEncoding = 4; lastKnownFileType = sourcecode.c.h; path = ALmixer_rwopsbundlesupport.h; sourceTree = "<group>"; };
		00D636E91913B424004F6671 /* ALmixer_rwopsbundlesupport.m */ = {isa = PBXFileReference; fileEncoding = 4; lastKnownFileType = sourcecode.c.objc; path = ALmixer_rwopsbundlesupport.m; sourceTree = "<group>"; };
/* End PBXFileReference section */

/* Begin PBXFrameworksBuildPhase section */
		0047076B1694EDE8008D5B45 /* Frameworks */ = {
			isa = PBXFrameworksBuildPhase;
			buildActionMask = 2147483647;
			files = (
				0047081B1694F142008D5B45 /* QuartzCore.framework in Frameworks */,
				004708191694F128008D5B45 /* AudioToolbox.framework in Frameworks */,
				004708171694F122008D5B45 /* OpenAL.framework in Frameworks */,
				006C975019123B97008B0A48 /* SDL2.framework in Frameworks */,
			);
			runOnlyForDeploymentPostprocessing = 0;
		};
		0047081D1694F2B2008D5B45 /* Frameworks */ = {
			isa = PBXFrameworksBuildPhase;
			buildActionMask = 2147483647;
			files = (
				006C975119123B98008B0A48 /* SDL2.framework in Frameworks */,
				004708381694F340008D5B45 /* ALmixer.framework in Frameworks */,
				004708221694F2B2008D5B45 /* Cocoa.framework in Frameworks */,
			);
			runOnlyForDeploymentPostprocessing = 0;
		};
/* End PBXFrameworksBuildPhase section */

/* Begin PBXGroup section */
		004707631694EDE8008D5B45 = {
			isa = PBXGroup;
			children = (
				00D636511913B235004F6671 /* include */,
				00D636551913B235004F6671 /* src */,
				006C974D19123A78008B0A48 /* SDL2.framework */,
				0047081A1694F142008D5B45 /* QuartzCore.framework */,
				004708181694F128008D5B45 /* AudioToolbox.framework */,
				004708161694F122008D5B45 /* OpenAL.framework */,
				004708091694F04B008D5B45 /* Supporting Files */,
				004708231694F2B2008D5B45 /* playstream */,
				004707711694EDE8008D5B45 /* Frameworks */,
				004707701694EDE8008D5B45 /* Products */,
			);
			sourceTree = "<group>";
		};
		004707701694EDE8008D5B45 /* Products */ = {
			isa = PBXGroup;
			children = (
				0047076F1694EDE8008D5B45 /* ALmixer.framework */,
				004708201694F2B2008D5B45 /* playstream.app */,
			);
			name = Products;
			sourceTree = "<group>";
		};
		004707711694EDE8008D5B45 /* Frameworks */ = {
			isa = PBXGroup;
			children = (
				004707721694EDE8008D5B45 /* Cocoa.framework */,
				004707741694EDE8008D5B45 /* Other Frameworks */,
			);
			name = Frameworks;
			sourceTree = "<group>";
		};
		004707741694EDE8008D5B45 /* Other Frameworks */ = {
			isa = PBXGroup;
			children = (
				004707751694EDE8008D5B45 /* AppKit.framework */,
				004707761694EDE8008D5B45 /* CoreData.framework */,
				004707771694EDE8008D5B45 /* Foundation.framework */,
			);
			name = "Other Frameworks";
			sourceTree = "<group>";
		};
		004708091694F04B008D5B45 /* Supporting Files */ = {
			isa = PBXGroup;
			children = (
				00003F31180B7CAF005C5A7B /* ALmixer-Info.plist */,
			);
			name = "Supporting Files";
			sourceTree = "<group>";
		};
		004708231694F2B2008D5B45 /* playstream */ = {
			isa = PBXGroup;
			children = (
				0047082F1694F2B2008D5B45 /* AppDelegate.h */,
				004708301694F2B2008D5B45 /* AppDelegate.m */,
				004708321694F2B2008D5B45 /* MainMenu.xib */,
				004708241694F2B2008D5B45 /* Supporting Files */,
			);
			path = playstream;
			sourceTree = "<group>";
		};
		004708241694F2B2008D5B45 /* Supporting Files */ = {
			isa = PBXGroup;
			children = (
				0047083D1694F3ED008D5B45 /* battle_hymn_of_the_republic.mp3 */,
				004708251694F2B2008D5B45 /* playstream-Info.plist */,
				004708261694F2B2008D5B45 /* InfoPlist.strings */,
				004708291694F2B2008D5B45 /* main.m */,
				0047082B1694F2B2008D5B45 /* playstream-Prefix.pch */,
				0047082C1694F2B2008D5B45 /* Credits.rtf */,
			);
			name = "Supporting Files";
			sourceTree = "<group>";
		};
		00D636511913B235004F6671 /* include */ = {
			isa = PBXGroup;
			children = (
				00D636521913B235004F6671 /* ALmixer.h */,
				00D636531913B235004F6671 /* ALmixer_PlatformExtensions.h */,
				00D636541913B235004F6671 /* ALmixer_RWops.h */,
			);
			name = include;
			path = ../../include;
			sourceTree = "<group>";
		};
		00D636551913B235004F6671 /* src */ = {
			isa = PBXGroup;
			children = (
				00D636561913B235004F6671 /* ALmixer.c */,
				00D636571913B235004F6671 /* ALmixer_AndroidExtensions.c */,
				00D636581913B235004F6671 /* ALmixer_AndroidExtensions.h */,
				00D636591913B235004F6671 /* CircularQueue.c */,
				00D6365A1913B235004F6671 /* CircularQueue.h */,
				00D6365B1913B235004F6671 /* LinkedList.c */,
				00D6365C1913B235004F6671 /* LinkedList.h */,
				00D6365D1913B235004F6671 /* StandAlone */,
				00D636931913B235004F6671 /* tErrorLib.c */,
				00D636941913B235004F6671 /* tErrorLib.h */,
			);
			name = src;
			path = ../../src;
			sourceTree = "<group>";
		};
		00D6365D1913B235004F6671 /* StandAlone */ = {
			isa = PBXGroup;
			children = (
				00D636CD1913B424004F6671 /* SDL */,
				00D636841913B235004F6671 /* SoundDecoder */,
			);
			path = StandAlone;
			sourceTree = "<group>";
		};
		00D636841913B235004F6671 /* SoundDecoder */ = {
			isa = PBXGroup;
			children = (
				00D636851913B235004F6671 /* coreaudio.c */,
				00D636861913B235004F6671 /* LGPL */,
				00D6368C1913B235004F6671 /* OpenSLES_Android.c */,
				00D6368D1913B235004F6671 /* SoundDecoder.c */,
				00D6368E1913B235004F6671 /* SoundDecoder.h */,
				00D6368F1913B235004F6671 /* SoundDecoder_Internal.h */,
				00D636901913B235004F6671 /* WindowsMediaFoundation.cpp */,
				00D636911913B235004F6671 /* WindowsMediaFoundation_IMFByteStreamRWops.cpp */,
				00D636921913B235004F6671 /* WindowsMediaFoundation_IMFByteStreamRWops.hpp */,
			);
			path = SoundDecoder;
			sourceTree = "<group>";
		};
		00D636861913B235004F6671 /* LGPL */ = {
			isa = PBXGroup;
			children = (
				00D636871913B235004F6671 /* mpg123.c */,
				00D636881913B235004F6671 /* oggtremor.c */,
				00D636891913B235004F6671 /* oggvorbis.c */,
				00D6368A1913B235004F6671 /* SDL_sound_minimal.c */,
				00D6368B1913B235004F6671 /* wav.c */,
			);
			path = LGPL;
			sourceTree = "<group>";
		};
		00D636CD1913B424004F6671 /* SDL */ = {
			isa = PBXGroup;
			children = (
				00D636DF1913B424004F6671 /* src */,
			);
			path = SDL;
			sourceTree = "<group>";
		};
		00D636DF1913B424004F6671 /* src */ = {
			isa = PBXGroup;
			children = (
				00D636E01913B424004F6671 /* ALmixer_internal.h */,
				00D636E51913B424004F6671 /* file */,
			);
			path = src;
			sourceTree = "<group>";
		};
		00D636E51913B424004F6671 /* file */ = {
			isa = PBXGroup;
			children = (
				00D636E61913B424004F6671 /* ALmixer_RWops.c */,
				00D636E71913B424004F6671 /* cocoa */,
			);
			path = file;
			sourceTree = "<group>";
		};
		00D636E71913B424004F6671 /* cocoa */ = {
			isa = PBXGroup;
			children = (
				00D636E81913B424004F6671 /* ALmixer_rwopsbundlesupport.h */,
				00D636E91913B424004F6671 /* ALmixer_rwopsbundlesupport.m */,
			);
			path = cocoa;
			sourceTree = "<group>";
		};
/* End PBXGroup section */

/* Begin PBXHeadersBuildPhase section */
		0047076C1694EDE8008D5B45 /* Headers */ = {
			isa = PBXHeadersBuildPhase;
			buildActionMask = 2147483647;
			files = (
				00D636961913B235004F6671 /* ALmixer_PlatformExtensions.h in Headers */,
				00D636951913B235004F6671 /* ALmixer.h in Headers */,
				00D636971913B235004F6671 /* ALmixer_RWops.h in Headers */,
				00D636C51913B237004F6671 /* SoundDecoder.h in Headers */,
				00D637021913B424004F6671 /* ALmixer_rwopsbundlesupport.h in Headers */,
				00D6369C1913B235004F6671 /* CircularQueue.h in Headers */,
				00D636FE1913B424004F6671 /* ALmixer_internal.h in Headers */,
				00D636CB1913B237004F6671 /* tErrorLib.h in Headers */,
				00D6369E1913B235004F6671 /* LinkedList.h in Headers */,
				00D636C61913B237004F6671 /* SoundDecoder_Internal.h in Headers */,
			);
			runOnlyForDeploymentPostprocessing = 0;
		};
/* End PBXHeadersBuildPhase section */

/* Begin PBXNativeTarget section */
		0047076E1694EDE8008D5B45 /* ALmixer */ = {
			isa = PBXNativeTarget;
			buildConfigurationList = 004707841694EDE8008D5B45 /* Build configuration list for PBXNativeTarget "ALmixer" */;
			buildPhases = (
				0047076A1694EDE8008D5B45 /* Sources */,
				0047076B1694EDE8008D5B45 /* Frameworks */,
				0047076C1694EDE8008D5B45 /* Headers */,
				0047076D1694EDE8008D5B45 /* Resources */,
			);
			buildRules = (
			);
			dependencies = (
			);
			name = ALmixer;
			productName = ALmixer;
			productReference = 0047076F1694EDE8008D5B45 /* ALmixer.framework */;
			productType = "com.apple.product-type.framework";
		};
		0047081F1694F2B2008D5B45 /* playstream */ = {
			isa = PBXNativeTarget;
			buildConfigurationList = 004708351694F2B2008D5B45 /* Build configuration list for PBXNativeTarget "playstream" */;
			buildPhases = (
				0047081C1694F2B2008D5B45 /* Sources */,
				0047081D1694F2B2008D5B45 /* Frameworks */,
				0047083B1694F34C008D5B45 /* CopyFiles */,
				0047081E1694F2B2008D5B45 /* Resources */,
			);
			buildRules = (
			);
			dependencies = (
				0047083A1694F344008D5B45 /* PBXTargetDependency */,
			);
			name = playstream;
			productName = playstream;
			productReference = 004708201694F2B2008D5B45 /* playstream.app */;
			productType = "com.apple.product-type.application";
		};
/* End PBXNativeTarget section */

/* Begin PBXProject section */
		004707651694EDE8008D5B45 /* Project object */ = {
			isa = PBXProject;
			attributes = {
				LastUpgradeCheck = 0510;
				ORGANIZATIONNAME = "PlayControl Software LLC";
			};
			buildConfigurationList = 004707681694EDE8008D5B45 /* Build configuration list for PBXProject "ALmixerSDL" */;
			compatibilityVersion = "Xcode 3.2";
			developmentRegion = English;
			hasScannedForEncodings = 0;
			knownRegions = (
				en,
			);
			mainGroup = 004707631694EDE8008D5B45;
			productRefGroup = 004707701694EDE8008D5B45 /* Products */;
			projectDirPath = "";
			projectRoot = "";
			targets = (
				0047076E1694EDE8008D5B45 /* ALmixer */,
				0047081F1694F2B2008D5B45 /* playstream */,
			);
		};
/* End PBXProject section */

/* Begin PBXResourcesBuildPhase section */
		0047076D1694EDE8008D5B45 /* Resources */ = {
			isa = PBXResourcesBuildPhase;
			buildActionMask = 2147483647;
			files = (
			);
			runOnlyForDeploymentPostprocessing = 0;
		};
		0047081E1694F2B2008D5B45 /* Resources */ = {
			isa = PBXResourcesBuildPhase;
			buildActionMask = 2147483647;
			files = (
				004708281694F2B2008D5B45 /* InfoPlist.strings in Resources */,
				0047082E1694F2B2008D5B45 /* Credits.rtf in Resources */,
				004708341694F2B2008D5B45 /* MainMenu.xib in Resources */,
				0047083E1694F3ED008D5B45 /* battle_hymn_of_the_republic.mp3 in Resources */,
			);
			runOnlyForDeploymentPostprocessing = 0;
		};
/* End PBXResourcesBuildPhase section */

/* Begin PBXSourcesBuildPhase section */
		0047076A1694EDE8008D5B45 /* Sources */ = {
			isa = PBXSourcesBuildPhase;
			buildActionMask = 2147483647;
			files = (
				00D636CA1913B237004F6671 /* tErrorLib.c in Sources */,
				00D636BD1913B236004F6671 /* coreaudio.c in Sources */,
				00D6369D1913B235004F6671 /* LinkedList.c in Sources */,
				00D636C41913B237004F6671 /* SoundDecoder.c in Sources */,
				00D636981913B235004F6671 /* ALmixer.c in Sources */,
				00D637011913B424004F6671 /* ALmixer_RWops.c in Sources */,
				00D6369B1913B235004F6671 /* CircularQueue.c in Sources */,
				00D637031913B424004F6671 /* ALmixer_rwopsbundlesupport.m in Sources */,
			);
			runOnlyForDeploymentPostprocessing = 0;
		};
		0047081C1694F2B2008D5B45 /* Sources */ = {
			isa = PBXSourcesBuildPhase;
			buildActionMask = 2147483647;
			files = (
				0047082A1694F2B2008D5B45 /* main.m in Sources */,
				004708311694F2B2008D5B45 /* AppDelegate.m in Sources */,
			);
			runOnlyForDeploymentPostprocessing = 0;
		};
/* End PBXSourcesBuildPhase section */

/* Begin PBXTargetDependency section */
		0047083A1694F344008D5B45 /* PBXTargetDependency */ = {
			isa = PBXTargetDependency;
			target = 0047076E1694EDE8008D5B45 /* ALmixer */;
			targetProxy = 004708391694F344008D5B45 /* PBXContainerItemProxy */;
		};
/* End PBXTargetDependency section */

/* Begin PBXVariantGroup section */
		004708261694F2B2008D5B45 /* InfoPlist.strings */ = {
			isa = PBXVariantGroup;
			children = (
				004708271694F2B2008D5B45 /* en */,
			);
			name = InfoPlist.strings;
			sourceTree = "<group>";
		};
		0047082C1694F2B2008D5B45 /* Credits.rtf */ = {
			isa = PBXVariantGroup;
			children = (
				0047082D1694F2B2008D5B45 /* en */,
			);
			name = Credits.rtf;
			sourceTree = "<group>";
		};
		004708321694F2B2008D5B45 /* MainMenu.xib */ = {
			isa = PBXVariantGroup;
			children = (
				004708331694F2B2008D5B45 /* en */,
			);
			name = MainMenu.xib;
			sourceTree = "<group>";
		};
/* End PBXVariantGroup section */

/* Begin XCBuildConfiguration section */
		004707821694EDE8008D5B45 /* Debug */ = {
			isa = XCBuildConfiguration;
			buildSettings = {
				CLANG_CXX_LANGUAGE_STANDARD = "gnu++0x";
				CLANG_CXX_LIBRARY = "libc++";
				CLANG_WARN_EMPTY_BODY = YES;
				CLANG_WARN__DUPLICATE_METHOD_MATCH = YES;
				COPY_PHASE_STRIP = NO;
				GCC_C_LANGUAGE_STANDARD = gnu99;
				GCC_DYNAMIC_NO_PIC = NO;
				GCC_ENABLE_OBJC_EXCEPTIONS = YES;
				GCC_OPTIMIZATION_LEVEL = 0;
				GCC_PREPROCESSOR_DEFINITIONS = (
					"DEBUG=1",
					ALMIXER_COMPILE_WITH_SDL,
					ENABLE_ALMIXER_THREADS,
					"$(inherited)",
					"CIRCULAR_QUEUE_NAMESPACE_PREFIX=ALmixer",
					"LINKED_LIST_NAMESPACE_PREFIX=ALmixer",
					"TERROR_NAMESPACE_PREFIX=ALmixer",
					"SIMPLE_MUTEX_NAMESPACE_PREFIX=ALmixer",
					"SIMPLE_THREAD_NAMESPACE_PREFIX=ALmixer",
				);
				GCC_SYMBOLS_PRIVATE_EXTERN = NO;
				GCC_WARN_64_TO_32_BIT_CONVERSION = YES;
				GCC_WARN_ABOUT_RETURN_TYPE = YES;
				GCC_WARN_UNINITIALIZED_AUTOS = YES;
				GCC_WARN_UNUSED_VARIABLE = YES;
				MACOSX_DEPLOYMENT_TARGET = 10.6;
				ONLY_ACTIVE_ARCH = YES;
				SDKROOT = macosx;
				USER_HEADER_SEARCH_PATHS = "$(SDKROOT)/System/Library/Frameworks/OpenAL.framework/Headers /Library/Frameworks/SDL2.framework/Headers \"$(SRCROOT)/../../include\" \"$(SRCROOT)/../../src\" \"$(SRCROOT)/../../src/StandAlone\" \"$(SRCROOT)/../../src/StandAlone/SoundDecoder\"";
			};
			name = Debug;
		};
		004707831694EDE8008D5B45 /* Release */ = {
			isa = XCBuildConfiguration;
			buildSettings = {
				CLANG_CXX_LANGUAGE_STANDARD = "gnu++0x";
				CLANG_CXX_LIBRARY = "libc++";
				CLANG_WARN_EMPTY_BODY = YES;
				CLANG_WARN__DUPLICATE_METHOD_MATCH = YES;
				COPY_PHASE_STRIP = YES;
				DEBUG_INFORMATION_FORMAT = "dwarf-with-dsym";
				GCC_C_LANGUAGE_STANDARD = gnu99;
				GCC_ENABLE_OBJC_EXCEPTIONS = YES;
				GCC_PREPROCESSOR_DEFINITIONS = (
					ALMIXER_COMPILE_WITH_SDL,
					ENABLE_ALMIXER_THREADS,
					"$(inherited)",
					"CIRCULAR_QUEUE_NAMESPACE_PREFIX=ALmixer",
					"LINKED_LIST_NAMESPACE_PREFIX=ALmixer",
					"TERROR_NAMESPACE_PREFIX=ALmixer",
					"SIMPLE_MUTEX_NAMESPACE_PREFIX=ALmixer",
					"SIMPLE_THREAD_NAMESPACE_PREFIX=ALmixer",
				);
				GCC_WARN_64_TO_32_BIT_CONVERSION = YES;
				GCC_WARN_ABOUT_RETURN_TYPE = YES;
				GCC_WARN_UNINITIALIZED_AUTOS = YES;
				GCC_WARN_UNUSED_VARIABLE = YES;
				MACOSX_DEPLOYMENT_TARGET = 10.6;
				SDKROOT = macosx;
				USER_HEADER_SEARCH_PATHS = "$(SDKROOT)/System/Library/Frameworks/OpenAL.framework/Headers /Library/Frameworks/SDL2.framework/Headers \"$(SRCROOT)/../../include\" \"$(SRCROOT)/../../src\" \"$(SRCROOT)/../../src/StandAlone\" \"$(SRCROOT)/../../src/StandAlone/SoundDecoder\"";
			};
			name = Release;
		};
		004707851694EDE8008D5B45 /* Debug */ = {
			isa = XCBuildConfiguration;
			buildSettings = {
				COMBINE_HIDPI_IMAGES = YES;
				DYLIB_COMPATIBILITY_VERSION = 1;
				DYLIB_CURRENT_VERSION = 1;
				FRAMEWORK_SEARCH_PATHS = (
					"$(inherited)",
					"$(USER_LIBRARY_DIR)/Developer/Xcode/DerivedData/SDL-bewofwcxfwgkpidfmadjwahyhbvy/Build/Products/Debug",
				);
				FRAMEWORK_VERSION = A;
				INFOPLIST_FILE = "ALmixer/ALmixer-Info.plist";
				INSTALL_PATH = "@rpath";
				LD_RUNPATH_SEARCH_PATHS = "@loader_path/../Frameworks";
				PRODUCT_NAME = "$(TARGET_NAME)";
				WRAPPER_EXTENSION = framework;
			};
			name = Debug;
		};
		004707861694EDE8008D5B45 /* Release */ = {
			isa = XCBuildConfiguration;
			buildSettings = {
				COMBINE_HIDPI_IMAGES = YES;
				DYLIB_COMPATIBILITY_VERSION = 1;
				DYLIB_CURRENT_VERSION = 1;
				FRAMEWORK_SEARCH_PATHS = (
					"$(inherited)",
					"$(USER_LIBRARY_DIR)/Developer/Xcode/DerivedData/SDL-bewofwcxfwgkpidfmadjwahyhbvy/Build/Products/Debug",
				);
				FRAMEWORK_VERSION = A;
				INFOPLIST_FILE = "ALmixer/ALmixer-Info.plist";
				INSTALL_PATH = "@rpath";
				LD_RUNPATH_SEARCH_PATHS = "@loader_path/../Frameworks";
				PRODUCT_NAME = "$(TARGET_NAME)";
				WRAPPER_EXTENSION = framework;
			};
			name = Release;
		};
		004708361694F2B2008D5B45 /* Debug */ = {
			isa = XCBuildConfiguration;
			buildSettings = {
				ALWAYS_SEARCH_USER_PATHS = NO;
				COMBINE_HIDPI_IMAGES = YES;
				FRAMEWORK_SEARCH_PATHS = (
					"$(inherited)",
					"$(USER_LIBRARY_DIR)/Developer/Xcode/DerivedData/SDL-bewofwcxfwgkpidfmadjwahyhbvy/Build/Products/Debug",
				);
				GCC_PRECOMPILE_PREFIX_HEADER = YES;
				GCC_PREFIX_HEADER = "playstream/playstream-Prefix.pch";
				GCC_PREPROCESSOR_DEFINITIONS = (
					"DEBUG=1",
					"$(inherited)",
				);
				INFOPLIST_FILE = "playstream/playstream-Info.plist";
				LD_RUNPATH_SEARCH_PATHS = "@loader_path/../Frameworks";
				MACOSX_DEPLOYMENT_TARGET = 10.8;
				PRODUCT_NAME = "$(TARGET_NAME)";
				WRAPPER_EXTENSION = app;
			};
			name = Debug;
		};
		004708371694F2B2008D5B45 /* Release */ = {
			isa = XCBuildConfiguration;
			buildSettings = {
				ALWAYS_SEARCH_USER_PATHS = NO;
				COMBINE_HIDPI_IMAGES = YES;
				FRAMEWORK_SEARCH_PATHS = (
					"$(inherited)",
					"$(USER_LIBRARY_DIR)/Developer/Xcode/DerivedData/SDL-bewofwcxfwgkpidfmadjwahyhbvy/Build/Products/Debug",
				);
				GCC_PRECOMPILE_PREFIX_HEADER = YES;
				GCC_PREFIX_HEADER = "playstream/playstream-Prefix.pch";
				INFOPLIST_FILE = "playstream/playstream-Info.plist";
				LD_RUNPATH_SEARCH_PATHS = "@loader_path/../Frameworks";
				MACOSX_DEPLOYMENT_TARGET = 10.8;
				PRODUCT_NAME = "$(TARGET_NAME)";
				WRAPPER_EXTENSION = app;
			};
			name = Release;
		};
/* End XCBuildConfiguration section */

/* Begin XCConfigurationList section */
		004707681694EDE8008D5B45 /* Build configuration list for PBXProject "ALmixerSDL" */ = {
			isa = XCConfigurationList;
			buildConfigurations = (
				004707821694EDE8008D5B45 /* Debug */,
				004707831694EDE8008D5B45 /* Release */,
			);
			defaultConfigurationIsVisible = 0;
			defaultConfigurationName = Release;
		};
		004707841694EDE8008D5B45 /* Build configuration list for PBXNativeTarget "ALmixer" */ = {
			isa = XCConfigurationList;
			buildConfigurations = (
				004707851694EDE8008D5B45 /* Debug */,
				004707861694EDE8008D5B45 /* Release */,
			);
			defaultConfigurationIsVisible = 0;
			defaultConfigurationName = Release;
		};
		004708351694F2B2008D5B45 /* Build configuration list for PBXNativeTarget "playstream" */ = {
			isa = XCConfigurationList;
			buildConfigurations = (
				004708361694F2B2008D5B45 /* Debug */,
				004708371694F2B2008D5B45 /* Release */,
			);
			defaultConfigurationIsVisible = 0;
			defaultConfigurationName = Release;
		};
/* End XCConfigurationList section */
	};
	rootObject = 004707651694EDE8008D5B45 /* Project object */;
}
