// !$*UTF8*$!
{
	archiveVersion = 1;
	classes = {
	};
	objectVersion = 46;
	objects = {

/* Begin PBXBuildFile section */
		0044F81F185F71B600E88278 /* AVFoundation.framework in Frameworks */ = {isa = PBXBuildFile; fileRef = 0044F81E185F71B600E88278 /* AVFoundation.framework */; };
		00605C9F162550F600A479DE /* OpenAL.framework in Frameworks */ = {isa = PBXBuildFile; fileRef = 00605C9E162550F600A479DE /* OpenAL.framework */; };
		00605CA1162550FF00A479DE /* AudioToolbox.framework in Frameworks */ = {isa = PBXBuildFile; fileRef = 00605CA0162550FF00A479DE /* AudioToolbox.framework */; };
		00605D8B1625571E00A479DE /* UIKit.framework in Frameworks */ = {isa = PBXBuildFile; fileRef = 00605CAC1625522400A479DE /* UIKit.framework */; };
		00605D8C1625571E00A479DE /* Foundation.framework in Frameworks */ = {isa = PBXBuildFile; fileRef = 00605CAE1625522400A479DE /* Foundation.framework */; };
		00605D8D1625571E00A479DE /* CoreGraphics.framework in Frameworks */ = {isa = PBXBuildFile; fileRef = 00605CB01625522400A479DE /* CoreGraphics.framework */; };
		00605D8F1625571E00A479DE /* GLKit.framework in Frameworks */ = {isa = PBXBuildFile; fileRef = 00605D8E1625571E00A479DE /* GLKit.framework */; };
		00605D911625571E00A479DE /* OpenGLES.framework in Frameworks */ = {isa = PBXBuildFile; fileRef = 00605D901625571E00A479DE /* OpenGLES.framework */; };
		00605D971625571E00A479DE /* InfoPlist.strings in Resources */ = {isa = PBXBuildFile; fileRef = 00605D951625571E00A479DE /* InfoPlist.strings */; };
		00605D991625571E00A479DE /* main.m in Sources */ = {isa = PBXBuildFile; fileRef = 00605D981625571E00A479DE /* main.m */; };
		00605D9D1625571E00A479DE /* AppDelegate.m in Sources */ = {isa = PBXBuildFile; fileRef = 00605D9C1625571E00A479DE /* AppDelegate.m */; };
		00605D9F1625571E00A479DE /* Shader.fsh in Resources */ = {isa = PBXBuildFile; fileRef = 00605D9E1625571E00A479DE /* Shader.fsh */; };
		00605DA11625571E00A479DE /* Shader.vsh in Resources */ = {isa = PBXBuildFile; fileRef = 00605DA01625571E00A479DE /* Shader.vsh */; };
		00605DA41625571F00A479DE /* ViewController.m in Sources */ = {isa = PBXBuildFile; fileRef = 00605DA31625571F00A479DE /* ViewController.m */; };
		00605DA71625571F00A479DE /* ViewController_iPhone.xib in Resources */ = {isa = PBXBuildFile; fileRef = 00605DA51625571F00A479DE /* ViewController_iPhone.xib */; };
		00605DAA1625571F00A479DE /* ViewController_iPad.xib in Resources */ = {isa = PBXBuildFile; fileRef = 00605DA81625571F00A479DE /* ViewController_iPad.xib */; };
		00605DAE1625572900A479DE /* OpenAL.framework in Frameworks */ = {isa = PBXBuildFile; fileRef = 00605C9E162550F600A479DE /* OpenAL.framework */; };
		00605DAF1625573000A479DE /* QuartzCore.framework in Frameworks */ = {isa = PBXBuildFile; fileRef = 00605D0F1625559F00A479DE /* QuartzCore.framework */; };
		00605DB01625573700A479DE /* AudioToolbox.framework in Frameworks */ = {isa = PBXBuildFile; fileRef = 00605CA0162550FF00A479DE /* AudioToolbox.framework */; };
		00605DB31625582800A479DE /* libALmixer.a in Frameworks */ = {isa = PBXBuildFile; fileRef = 00605C5416254FDF00A479DE /* libALmixer.a */; };
		00D4D9E616255E6400B27F02 /* battle_hymn_of_the_republic.mp3 in Resources */ = {isa = PBXBuildFile; fileRef = 00D4D9E516255E6400B27F02 /* battle_hymn_of_the_republic.mp3 */; };
		00D6374B1913B571004F6671 /* ALmixer.h in Headers */ = {isa = PBXBuildFile; fileRef = 00D637081913B570004F6671 /* ALmixer.h */; };
		00D6374C1913B571004F6671 /* ALmixer_PlatformExtensions.h in Headers */ = {isa = PBXBuildFile; fileRef = 00D637091913B570004F6671 /* ALmixer_PlatformExtensions.h */; };
		00D6374D1913B571004F6671 /* ALmixer_RWops.h in Headers */ = {isa = PBXBuildFile; fileRef = 00D6370A1913B570004F6671 /* ALmixer_RWops.h */; };
		00D6374E1913B571004F6671 /* ALmixer.c in Sources */ = {isa = PBXBuildFile; fileRef = 00D6370C1913B571004F6671 /* ALmixer.c */; };
		00D637511913B571004F6671 /* CircularQueue.c in Sources */ = {isa = PBXBuildFile; fileRef = 00D6370F1913B571004F6671 /* CircularQueue.c */; };
		00D637521913B571004F6671 /* CircularQueue.h in Headers */ = {isa = PBXBuildFile; fileRef = 00D637101913B571004F6671 /* CircularQueue.h */; };
		00D637531913B571004F6671 /* LinkedList.c in Sources */ = {isa = PBXBuildFile; fileRef = 00D637111913B571004F6671 /* LinkedList.c */; };
		00D637541913B571004F6671 /* LinkedList.h in Headers */ = {isa = PBXBuildFile; fileRef = 00D637121913B571004F6671 /* LinkedList.h */; };
		00D637551913B571004F6671 /* ALmixer_begin_code.h in Headers */ = {isa = PBXBuildFile; fileRef = 00D637161913B571004F6671 /* ALmixer_begin_code.h */; };
		00D637561913B571004F6671 /* ALmixer_close_code.h in Headers */ = {isa = PBXBuildFile; fileRef = 00D637171913B571004F6671 /* ALmixer_close_code.h */; };
		00D637571913B571004F6671 /* ALmixer_config.h in Headers */ = {isa = PBXBuildFile; fileRef = 00D637181913B571004F6671 /* ALmixer_config.h */; };
		00D637581913B571004F6671 /* ALmixer_config_android.h in Headers */ = {isa = PBXBuildFile; fileRef = 00D637191913B571004F6671 /* ALmixer_config_android.h */; };
		00D637591913B571004F6671 /* ALmixer_config_iphoneos.h in Headers */ = {isa = PBXBuildFile; fileRef = 00D6371A1913B571004F6671 /* ALmixer_config_iphoneos.h */; };
		00D6375A1913B571004F6671 /* ALmixer_config_macosx.h in Headers */ = {isa = PBXBuildFile; fileRef = 00D6371B1913B571004F6671 /* ALmixer_config_macosx.h */; };
		00D6375B1913B571004F6671 /* ALmixer_config_minimal.h in Headers */ = {isa = PBXBuildFile; fileRef = 00D6371C1913B571004F6671 /* ALmixer_config_minimal.h */; };
		00D6375C1913B571004F6671 /* ALmixer_config_pandora.h in Headers */ = {isa = PBXBuildFile; fileRef = 00D6371D1913B571004F6671 /* ALmixer_config_pandora.h */; };
		00D6375D1913B571004F6671 /* ALmixer_config_psp.h in Headers */ = {isa = PBXBuildFile; fileRef = 00D6371E1913B571004F6671 /* ALmixer_config_psp.h */; };
		00D6375E1913B571004F6671 /* ALmixer_config_windows.h in Headers */ = {isa = PBXBuildFile; fileRef = 00D6371F1913B571004F6671 /* ALmixer_config_windows.h */; };
		00D6375F1913B571004F6671 /* ALmixer_config_winrt.h in Headers */ = {isa = PBXBuildFile; fileRef = 00D637201913B571004F6671 /* ALmixer_config_winrt.h */; };
		00D637601913B571004F6671 /* ALmixer_config_wiz.h in Headers */ = {isa = PBXBuildFile; fileRef = 00D637211913B571004F6671 /* ALmixer_config_wiz.h */; };
		00D637611913B571004F6671 /* ALmixer_endian.h in Headers */ = {isa = PBXBuildFile; fileRef = 00D637221913B571004F6671 /* ALmixer_endian.h */; };
		00D637621913B571004F6671 /* ALmixer_platform.h in Headers */ = {isa = PBXBuildFile; fileRef = 00D637231913B571004F6671 /* ALmixer_platform.h */; };
		00D637631913B571004F6671 /* ALmixer_stdinc.h in Headers */ = {isa = PBXBuildFile; fileRef = 00D637241913B571004F6671 /* ALmixer_stdinc.h */; };
		00D637641913B571004F6671 /* ALmixer_system.h in Headers */ = {isa = PBXBuildFile; fileRef = 00D637251913B571004F6671 /* ALmixer_system.h */; };
		00D637651913B571004F6671 /* ALmixer_internal.h in Headers */ = {isa = PBXBuildFile; fileRef = 00D637271913B571004F6671 /* ALmixer_internal.h */; };
		00D637681913B571004F6671 /* ALmixer_RWops.c in Sources */ = {isa = PBXBuildFile; fileRef = 00D6372D1913B571004F6671 /* ALmixer_RWops.c */; };
		00D637691913B571004F6671 /* ALmixer_rwopsbundlesupport.h in Headers */ = {isa = PBXBuildFile; fileRef = 00D6372F1913B571004F6671 /* ALmixer_rwopsbundlesupport.h */; };
		00D6376A1913B571004F6671 /* ALmixer_rwopsbundlesupport.m in Sources */ = {isa = PBXBuildFile; fileRef = 00D637301913B571004F6671 /* ALmixer_rwopsbundlesupport.m */; };
		00D6376B1913B571004F6671 /* ALmixer_malloc.c in Sources */ = {isa = PBXBuildFile; fileRef = 00D637321913B571004F6671 /* ALmixer_malloc.c */; };
		00D6376C1913B571004F6671 /* ALmixer_stdlib.c in Sources */ = {isa = PBXBuildFile; fileRef = 00D637331913B571004F6671 /* ALmixer_stdlib.c */; };
		00D6376D1913B571004F6671 /* ALmixer_string.c in Sources */ = {isa = PBXBuildFile; fileRef = 00D637341913B571004F6671 /* ALmixer_string.c */; };
		00D6376E1913B571004F6671 /* SimpleMutex.c in Sources */ = {isa = PBXBuildFile; fileRef = 00D637351913B571004F6671 /* SimpleMutex.c */; };
		00D6376F1913B571004F6671 /* SimpleMutex.h in Headers */ = {isa = PBXBuildFile; fileRef = 00D637361913B571004F6671 /* SimpleMutex.h */; };
		00D637701913B571004F6671 /* SimpleThread.h in Headers */ = {isa = PBXBuildFile; fileRef = 00D637371913B571004F6671 /* SimpleThread.h */; };
		00D637711913B571004F6671 /* SimpleThreadPosix.c in Sources */ = {isa = PBXBuildFile; fileRef = 00D637381913B571004F6671 /* SimpleThreadPosix.c */; };
		00D637731913B571004F6671 /* coreaudio.c in Sources */ = {isa = PBXBuildFile; fileRef = 00D6373B1913B571004F6671 /* coreaudio.c */; };
		00D6377A1913B571004F6671 /* SoundDecoder.c in Sources */ = {isa = PBXBuildFile; fileRef = 00D637431913B571004F6671 /* SoundDecoder.c */; };
		00D6377B1913B571004F6671 /* SoundDecoder.h in Headers */ = {isa = PBXBuildFile; fileRef = 00D637441913B571004F6671 /* SoundDecoder.h */; };
		00D6377C1913B571004F6671 /* SoundDecoder_Internal.h in Headers */ = {isa = PBXBuildFile; fileRef = 00D637451913B571004F6671 /* SoundDecoder_Internal.h */; };
		00D637801913B571004F6671 /* tErrorLib.c in Sources */ = {isa = PBXBuildFile; fileRef = 00D637491913B571004F6671 /* tErrorLib.c */; };
		00D637811913B571004F6671 /* tErrorLib.h in Headers */ = {isa = PBXBuildFile; fileRef = 00D6374A1913B571004F6671 /* tErrorLib.h */; };
/* End PBXBuildFile section */

/* Begin PBXContainerItemProxy section */
		00605DB11625582500A479DE /* PBXContainerItemProxy */ = {
			isa = PBXContainerItemProxy;
			containerPortal = 00605C4B16254FDF00A479DE /* Project object */;
			proxyType = 1;
			remoteGlobalIDString = 00605C5316254FDF00A479DE;
			remoteInfo = ALmixer;
		};
/* End PBXContainerItemProxy section */

/* Begin PBXFileReference section */
		0044F81E185F71B600E88278 /* AVFoundation.framework */ = {isa = PBXFileReference; lastKnownFileType = wrapper.framework; name = AVFoundation.framework; path = System/Library/Frameworks/AVFoundation.framework; sourceTree = SDKROOT; };
		00605C5416254FDF00A479DE /* libALmixer.a */ = {isa = PBXFileReference; explicitFileType = archive.ar; includeInIndex = 0; path = libALmixer.a; sourceTree = BUILT_PRODUCTS_DIR; };
		00605C9E162550F600A479DE /* OpenAL.framework */ = {isa = PBXFileReference; lastKnownFileType = wrapper.framework; name = OpenAL.framework; path = System/Library/Frameworks/OpenAL.framework; sourceTree = SDKROOT; };
		00605CA0162550FF00A479DE /* AudioToolbox.framework */ = {isa = PBXFileReference; lastKnownFileType = wrapper.framework; name = AudioToolbox.framework; path = System/Library/Frameworks/AudioToolbox.framework; sourceTree = SDKROOT; };
		00605CAC1625522400A479DE /* UIKit.framework */ = {isa = PBXFileReference; lastKnownFileType = wrapper.framework; name = UIKit.framework; path = System/Library/Frameworks/UIKit.framework; sourceTree = SDKROOT; };
		00605CAE1625522400A479DE /* Foundation.framework */ = {isa = PBXFileReference; lastKnownFileType = wrapper.framework; name = Foundation.framework; path = System/Library/Frameworks/Foundation.framework; sourceTree = SDKROOT; };
		00605CB01625522400A479DE /* CoreGraphics.framework */ = {isa = PBXFileReference; lastKnownFileType = wrapper.framework; name = CoreGraphics.framework; path = System/Library/Frameworks/CoreGraphics.framework; sourceTree = SDKROOT; };
		00605D0F1625559F00A479DE /* QuartzCore.framework */ = {isa = PBXFileReference; lastKnownFileType = wrapper.framework; name = QuartzCore.framework; path = System/Library/Frameworks/QuartzCore.framework; sourceTree = SDKROOT; };
		00605D891625571E00A479DE /* playstream.app */ = {isa = PBXFileReference; explicitFileType = wrapper.application; includeInIndex = 0; path = playstream.app; sourceTree = BUILT_PRODUCTS_DIR; };
		00605D8E1625571E00A479DE /* GLKit.framework */ = {isa = PBXFileReference; lastKnownFileType = wrapper.framework; name = GLKit.framework; path = System/Library/Frameworks/GLKit.framework; sourceTree = SDKROOT; };
		00605D901625571E00A479DE /* OpenGLES.framework */ = {isa = PBXFileReference; lastKnownFileType = wrapper.framework; name = OpenGLES.framework; path = System/Library/Frameworks/OpenGLES.framework; sourceTree = SDKROOT; };
		00605D941625571E00A479DE /* playstream-Info.plist */ = {isa = PBXFileReference; lastKnownFileType = text.plist.xml; path = "playstream-Info.plist"; sourceTree = "<group>"; };
		00605D961625571E00A479DE /* en */ = {isa = PBXFileReference; lastKnownFileType = text.plist.strings; name = en; path = en.lproj/InfoPlist.strings; sourceTree = "<group>"; };
		00605D981625571E00A479DE /* main.m */ = {isa = PBXFileReference; lastKnownFileType = sourcecode.c.objc; path = main.m; sourceTree = "<group>"; };
		00605D9A1625571E00A479DE /* playstream-Prefix.pch */ = {isa = PBXFileReference; lastKnownFileType = sourcecode.c.h; path = "playstream-Prefix.pch"; sourceTree = "<group>"; };
		00605D9B1625571E00A479DE /* AppDelegate.h */ = {isa = PBXFileReference; lastKnownFileType = sourcecode.c.h; path = AppDelegate.h; sourceTree = "<group>"; };
		00605D9C1625571E00A479DE /* AppDelegate.m */ = {isa = PBXFileReference; lastKnownFileType = sourcecode.c.objc; path = AppDelegate.m; sourceTree = "<group>"; };
		00605D9E1625571E00A479DE /* Shader.fsh */ = {isa = PBXFileReference; lastKnownFileType = sourcecode.glsl; name = Shader.fsh; path = Shaders/Shader.fsh; sourceTree = "<group>"; };
		00605DA01625571E00A479DE /* Shader.vsh */ = {isa = PBXFileReference; lastKnownFileType = sourcecode.glsl; name = Shader.vsh; path = Shaders/Shader.vsh; sourceTree = "<group>"; };
		00605DA21625571E00A479DE /* ViewController.h */ = {isa = PBXFileReference; lastKnownFileType = sourcecode.c.h; path = ViewController.h; sourceTree = "<group>"; };
		00605DA31625571F00A479DE /* ViewController.m */ = {isa = PBXFileReference; lastKnownFileType = sourcecode.c.objc; path = ViewController.m; sourceTree = "<group>"; };
		00605DA61625571F00A479DE /* en */ = {isa = PBXFileReference; lastKnownFileType = file.xib; name = en; path = en.lproj/ViewController_iPhone.xib; sourceTree = "<group>"; };
		00605DA91625571F00A479DE /* en */ = {isa = PBXFileReference; lastKnownFileType = file.xib; name = en; path = en.lproj/ViewController_iPad.xib; sourceTree = "<group>"; };
		00D4D9E516255E6400B27F02 /* battle_hymn_of_the_republic.mp3 */ = {isa = PBXFileReference; lastKnownFileType = audio.mp3; name = battle_hymn_of_the_republic.mp3; path = ../../../EXAMPLES/Resources/battle_hymn_of_the_republic.mp3; sourceTree = "<group>"; };
		00D637081913B570004F6671 /* ALmixer.h */ = {isa = PBXFileReference; fileEncoding = 4; lastKnownFileType = sourcecode.c.h; path = ALmixer.h; sourceTree = "<group>"; };
		00D637091913B570004F6671 /* ALmixer_PlatformExtensions.h */ = {isa = PBXFileReference; fileEncoding = 4; lastKnownFileType = sourcecode.c.h; path = ALmixer_PlatformExtensions.h; sourceTree = "<group>"; };
		00D6370A1913B570004F6671 /* ALmixer_RWops.h */ = {isa = PBXFileReference; fileEncoding = 4; lastKnownFileType = sourcecode.c.h; path = ALmixer_RWops.h; sourceTree = "<group>"; };
		00D6370C1913B571004F6671 /* ALmixer.c */ = {isa = PBXFileReference; fileEncoding = 4; lastKnownFileType = sourcecode.c.c; path = ALmixer.c; sourceTree = "<group>"; };
		00D6370D1913B571004F6671 /* ALmixer_AndroidExtensions.c */ = {isa = PBXFileReference; fileEncoding = 4; lastKnownFileType = sourcecode.c.c; path = ALmixer_AndroidExtensions.c; sourceTree = "<group>"; };
		00D6370E1913B571004F6671 /* ALmixer_AndroidExtensions.h */ = {isa = PBXFileReference; fileEncoding = 4; lastKnownFileType = sourcecode.c.h; path = ALmixer_AndroidExtensions.h; sourceTree = "<group>"; };
		00D6370F1913B571004F6671 /* CircularQueue.c */ = {isa = PBXFileReference; fileEncoding = 4; lastKnownFileType = sourcecode.c.c; path = CircularQueue.c; sourceTree = "<group>"; };
		00D637101913B571004F6671 /* CircularQueue.h */ = {isa = PBXFileReference; fileEncoding = 4; lastKnownFileType = sourcecode.c.h; path = CircularQueue.h; sourceTree = "<group>"; };
		00D637111913B571004F6671 /* LinkedList.c */ = {isa = PBXFileReference; fileEncoding = 4; lastKnownFileType = sourcecode.c.c; path = LinkedList.c; sourceTree = "<group>"; };
		00D637121913B571004F6671 /* LinkedList.h */ = {isa = PBXFileReference; fileEncoding = 4; lastKnownFileType = sourcecode.c.h; path = LinkedList.h; sourceTree = "<group>"; };
		00D637161913B571004F6671 /* ALmixer_begin_code.h */ = {isa = PBXFileReference; fileEncoding = 4; lastKnownFileType = sourcecode.c.h; path = ALmixer_begin_code.h; sourceTree = "<group>"; };
		00D637171913B571004F6671 /* ALmixer_close_code.h */ = {isa = PBXFileReference; fileEncoding = 4; lastKnownFileType = sourcecode.c.h; path = ALmixer_close_code.h; sourceTree = "<group>"; };
		00D637181913B571004F6671 /* ALmixer_config.h */ = {isa = PBXFileReference; fileEncoding = 4; lastKnownFileType = sourcecode.c.h; path = ALmixer_config.h; sourceTree = "<group>"; };
		00D637191913B571004F6671 /* ALmixer_config_android.h */ = {isa = PBXFileReference; fileEncoding = 4; lastKnownFileType = sourcecode.c.h; path = ALmixer_config_android.h; sourceTree = "<group>"; };
		00D6371A1913B571004F6671 /* ALmixer_config_iphoneos.h */ = {isa = PBXFileReference; fileEncoding = 4; lastKnownFileType = sourcecode.c.h; path = ALmixer_config_iphoneos.h; sourceTree = "<group>"; };
		00D6371B1913B571004F6671 /* ALmixer_config_macosx.h */ = {isa = PBXFileReference; fileEncoding = 4; lastKnownFileType = sourcecode.c.h; path = ALmixer_config_macosx.h; sourceTree = "<group>"; };
		00D6371C1913B571004F6671 /* ALmixer_config_minimal.h */ = {isa = PBXFileReference; fileEncoding = 4; lastKnownFileType = sourcecode.c.h; path = ALmixer_config_minimal.h; sourceTree = "<group>"; };
		00D6371D1913B571004F6671 /* ALmixer_config_pandora.h */ = {isa = PBXFileReference; fileEncoding = 4; lastKnownFileType = sourcecode.c.h; path = ALmixer_config_pandora.h; sourceTree = "<group>"; };
		00D6371E1913B571004F6671 /* ALmixer_config_psp.h */ = {isa = PBXFileReference; fileEncoding = 4; lastKnownFileType = sourcecode.c.h; path = ALmixer_config_psp.h; sourceTree = "<group>"; };
		00D6371F1913B571004F6671 /* ALmixer_config_windows.h */ = {isa = PBXFileReference; fileEncoding = 4; lastKnownFileType = sourcecode.c.h; path = ALmixer_config_windows.h; sourceTree = "<group>"; };
		00D637201913B571004F6671 /* ALmixer_config_winrt.h */ = {isa = PBXFileReference; fileEncoding = 4; lastKnownFileType = sourcecode.c.h; path = ALmixer_config_winrt.h; sourceTree = "<group>"; };
		00D637211913B571004F6671 /* ALmixer_config_wiz.h */ = {isa = PBXFileReference; fileEncoding = 4; lastKnownFileType = sourcecode.c.h; path = ALmixer_config_wiz.h; sourceTree = "<group>"; };
		00D637221913B571004F6671 /* ALmixer_endian.h */ = {isa = PBXFileReference; fileEncoding = 4; lastKnownFileType = sourcecode.c.h; path = ALmixer_endian.h; sourceTree = "<group>"; };
		00D637231913B571004F6671 /* ALmixer_platform.h */ = {isa = PBXFileReference; fileEncoding = 4; lastKnownFileType = sourcecode.c.h; path = ALmixer_platform.h; sourceTree = "<group>"; };
		00D637241913B571004F6671 /* ALmixer_stdinc.h */ = {isa = PBXFileReference; fileEncoding = 4; lastKnownFileType = sourcecode.c.h; path = ALmixer_stdinc.h; sourceTree = "<group>"; };
		00D637251913B571004F6671 /* ALmixer_system.h */ = {isa = PBXFileReference; fileEncoding = 4; lastKnownFileType = sourcecode.c.h; path = ALmixer_system.h; sourceTree = "<group>"; };
		00D637271913B571004F6671 /* ALmixer_internal.h */ = {isa = PBXFileReference; fileEncoding = 4; lastKnownFileType = sourcecode.c.h; path = ALmixer_internal.h; sourceTree = "<group>"; };
		00D6372A1913B571004F6671 /* ALmixer_android.c */ = {isa = PBXFileReference; fileEncoding = 4; lastKnownFileType = sourcecode.c.c; path = ALmixer_android.c; sourceTree = "<group>"; };
		00D6372B1913B571004F6671 /* ALmixer_android.h */ = {isa = PBXFileReference; fileEncoding = 4; lastKnownFileType = sourcecode.c.h; path = ALmixer_android.h; sourceTree = "<group>"; };
		00D6372D1913B571004F6671 /* ALmixer_RWops.c */ = {isa = PBXFileReference; fileEncoding = 4; lastKnownFileType = sourcecode.c.c; path = ALmixer_RWops.c; sourceTree = "<group>"; };
		00D6372F1913B571004F6671 /* ALmixer_rwopsbundlesupport.h */ = {isa = PBXFileReference; fileEncoding = 4; lastKnownFileType = sourcecode.c.h; path = ALmixer_rwopsbundlesupport.h; sourceTree = "<group>"; };
		00D637301913B571004F6671 /* ALmixer_rwopsbundlesupport.m */ = {isa = PBXFileReference; fileEncoding = 4; lastKnownFileType = sourcecode.c.objc; path = ALmixer_rwopsbundlesupport.m; sourceTree = "<group>"; };
		00D637321913B571004F6671 /* ALmixer_malloc.c */ = {isa = PBXFileReference; fileEncoding = 4; lastKnownFileType = sourcecode.c.c; path = ALmixer_malloc.c; sourceTree = "<group>"; };
		00D637331913B571004F6671 /* ALmixer_stdlib.c */ = {isa = PBXFileReference; fileEncoding = 4; lastKnownFileType = sourcecode.c.c; path = ALmixer_stdlib.c; sourceTree = "<group>"; };
		00D637341913B571004F6671 /* ALmixer_string.c */ = {isa = PBXFileReference; fileEncoding = 4; lastKnownFileType = sourcecode.c.c; path = ALmixer_string.c; sourceTree = "<group>"; };
		00D637351913B571004F6671 /* SimpleMutex.c */ = {isa = PBXFileReference; fileEncoding = 4; lastKnownFileType = sourcecode.c.c; path = SimpleMutex.c; sourceTree = "<group>"; };
		00D637361913B571004F6671 /* SimpleMutex.h */ = {isa = PBXFileReference; fileEncoding = 4; lastKnownFileType = sourcecode.c.h; path = SimpleMutex.h; sourceTree = "<group>"; };
		00D637371913B571004F6671 /* SimpleThread.h */ = {isa = PBXFileReference; fileEncoding = 4; lastKnownFileType = sourcecode.c.h; path = SimpleThread.h; sourceTree = "<group>"; };
		00D637381913B571004F6671 /* SimpleThreadPosix.c */ = {isa = PBXFileReference; fileEncoding = 4; lastKnownFileType = sourcecode.c.c; path = SimpleThreadPosix.c; sourceTree = "<group>"; };
		00D637391913B571004F6671 /* SimpleThreadWindows.c */ = {isa = PBXFileReference; fileEncoding = 4; lastKnownFileType = sourcecode.c.c; path = SimpleThreadWindows.c; sourceTree = "<group>"; };
		00D6373B1913B571004F6671 /* coreaudio.c */ = {isa = PBXFileReference; fileEncoding = 4; lastKnownFileType = sourcecode.c.c; path = coreaudio.c; sourceTree = "<group>"; };
		00D6373D1913B571004F6671 /* mpg123.c */ = {isa = PBXFileReference; fileEncoding = 4; lastKnownFileType = sourcecode.c.c; path = mpg123.c; sourceTree = "<group>"; };
		00D6373E1913B571004F6671 /* oggtremor.c */ = {isa = PBXFileReference; fileEncoding = 4; lastKnownFileType = sourcecode.c.c; path = oggtremor.c; sourceTree = "<group>"; };
		00D6373F1913B571004F6671 /* oggvorbis.c */ = {isa = PBXFileReference; fileEncoding = 4; lastKnownFileType = sourcecode.c.c; path = oggvorbis.c; sourceTree = "<group>"; };
		00D637401913B571004F6671 /* SDL_sound_minimal.c */ = {isa = PBXFileReference; fileEncoding = 4; lastKnownFileType = sourcecode.c.c; path = SDL_sound_minimal.c; sourceTree = "<group>"; };
		00D637411913B571004F6671 /* wav.c */ = {isa = PBXFileReference; fileEncoding = 4; lastKnownFileType = sourcecode.c.c; path = wav.c; sourceTree = "<group>"; };
		00D637421913B571004F6671 /* OpenSLES_Android.c */ = {isa = PBXFileReference; fileEncoding = 4; lastKnownFileType = sourcecode.c.c; path = OpenSLES_Android.c; sourceTree = "<group>"; };
		00D637431913B571004F6671 /* SoundDecoder.c */ = {isa = PBXFileReference; fileEncoding = 4; lastKnownFileType = sourcecode.c.c; path = SoundDecoder.c; sourceTree = "<group>"; };
		00D637441913B571004F6671 /* SoundDecoder.h */ = {isa = PBXFileReference; fileEncoding = 4; lastKnownFileType = sourcecode.c.h; path = SoundDecoder.h; sourceTree = "<group>"; };
		00D637451913B571004F6671 /* SoundDecoder_Internal.h */ = {isa = PBXFileReference; fileEncoding = 4; lastKnownFileType = sourcecode.c.h; path = SoundDecoder_Internal.h; sourceTree = "<group>"; };
		00D637461913B571004F6671 /* WindowsMediaFoundation.cpp */ = {isa = PBXFileReference; fileEncoding = 4; lastKnownFileType = sourcecode.cpp.cpp; path = WindowsMediaFoundation.cpp; sourceTree = "<group>"; };
		00D637471913B571004F6671 /* WindowsMediaFoundation_IMFByteStreamRWops.cpp */ = {isa = PBXFileReference; fileEncoding = 4; lastKnownFileType = sourcecode.cpp.cpp; path = WindowsMediaFoundation_IMFByteStreamRWops.cpp; sourceTree = "<group>"; };
		00D637481913B571004F6671 /* WindowsMediaFoundation_IMFByteStreamRWops.hpp */ = {isa = PBXFileReference; fileEncoding = 4; lastKnownFileType = sourcecode.cpp.h; path = WindowsMediaFoundation_IMFByteStreamRWops.hpp; sourceTree = "<group>"; };
		00D637491913B571004F6671 /* tErrorLib.c */ = {isa = PBXFileReference; fileEncoding = 4; lastKnownFileType = sourcecode.c.c; path = tErrorLib.c; sourceTree = "<group>"; };
		00D6374A1913B571004F6671 /* tErrorLib.h */ = {isa = PBXFileReference; fileEncoding = 4; lastKnownFileType = sourcecode.c.h; path = tErrorLib.h; sourceTree = "<group>"; };
/* End PBXFileReference section */

/* Begin PBXFrameworksBuildPhase section */
		00605C5116254FDF00A479DE /* Frameworks */ = {
			isa = PBXFrameworksBuildPhase;
			buildActionMask = 2147483647;
			files = (
				00605CA1162550FF00A479DE /* AudioToolbox.framework in Frameworks */,
				00605C9F162550F600A479DE /* OpenAL.framework in Frameworks */,
			);
			runOnlyForDeploymentPostprocessing = 0;
		};
		00605D861625571E00A479DE /* Frameworks */ = {
			isa = PBXFrameworksBuildPhase;
			buildActionMask = 2147483647;
			files = (
				0044F81F185F71B600E88278 /* AVFoundation.framework in Frameworks */,
				00605DB31625582800A479DE /* libALmixer.a in Frameworks */,
				00605DB01625573700A479DE /* AudioToolbox.framework in Frameworks */,
				00605DAF1625573000A479DE /* QuartzCore.framework in Frameworks */,
				00605DAE1625572900A479DE /* OpenAL.framework in Frameworks */,
				00605D8B1625571E00A479DE /* UIKit.framework in Frameworks */,
				00605D8C1625571E00A479DE /* Foundation.framework in Frameworks */,
				00605D8D1625571E00A479DE /* CoreGraphics.framework in Frameworks */,
				00605D8F1625571E00A479DE /* GLKit.framework in Frameworks */,
				00605D911625571E00A479DE /* OpenGLES.framework in Frameworks */,
			);
			runOnlyForDeploymentPostprocessing = 0;
		};
/* End PBXFrameworksBuildPhase section */

/* Begin PBXGroup section */
		00605C4916254FDF00A479DE = {
			isa = PBXGroup;
			children = (
				00D637071913B570004F6671 /* include */,
				00D6370B1913B570004F6671 /* src */,
				00605D921625571E00A479DE /* playstream */,
				00605C5616254FDF00A479DE /* Frameworks */,
				00605C5516254FDF00A479DE /* Products */,
			);
			sourceTree = "<group>";
		};
		00605C5516254FDF00A479DE /* Products */ = {
			isa = PBXGroup;
			children = (
				00605C5416254FDF00A479DE /* libALmixer.a */,
				00605D891625571E00A479DE /* playstream.app */,
			);
			name = Products;
			sourceTree = "<group>";
		};
		00605C5616254FDF00A479DE /* Frameworks */ = {
			isa = PBXGroup;
			children = (
				0044F81E185F71B600E88278 /* AVFoundation.framework */,
				00605CA0162550FF00A479DE /* AudioToolbox.framework */,
				00605C9E162550F600A479DE /* OpenAL.framework */,
				00605D0F1625559F00A479DE /* QuartzCore.framework */,
				00605CAC1625522400A479DE /* UIKit.framework */,
				00605CAE1625522400A479DE /* Foundation.framework */,
				00605CB01625522400A479DE /* CoreGraphics.framework */,
				00605D8E1625571E00A479DE /* GLKit.framework */,
				00605D901625571E00A479DE /* OpenGLES.framework */,
			);
			name = Frameworks;
			sourceTree = "<group>";
		};
		00605D921625571E00A479DE /* playstream */ = {
			isa = PBXGroup;
			children = (
				00605D9B1625571E00A479DE /* AppDelegate.h */,
				00605D9C1625571E00A479DE /* AppDelegate.m */,
				00605D9E1625571E00A479DE /* Shader.fsh */,
				00605DA01625571E00A479DE /* Shader.vsh */,
				00605DA21625571E00A479DE /* ViewController.h */,
				00605DA31625571F00A479DE /* ViewController.m */,
				00605DA51625571F00A479DE /* ViewController_iPhone.xib */,
				00605DA81625571F00A479DE /* ViewController_iPad.xib */,
				00605D931625571E00A479DE /* Supporting Files */,
			);
			path = playstream;
			sourceTree = "<group>";
		};
		00605D931625571E00A479DE /* Supporting Files */ = {
			isa = PBXGroup;
			children = (
				00D4D9E516255E6400B27F02 /* battle_hymn_of_the_republic.mp3 */,
				00605D941625571E00A479DE /* playstream-Info.plist */,
				00605D951625571E00A479DE /* InfoPlist.strings */,
				00605D981625571E00A479DE /* main.m */,
				00605D9A1625571E00A479DE /* playstream-Prefix.pch */,
			);
			name = "Supporting Files";
			sourceTree = "<group>";
		};
		00D637071913B570004F6671 /* include */ = {
			isa = PBXGroup;
			children = (
				00D637081913B570004F6671 /* ALmixer.h */,
				00D637091913B570004F6671 /* ALmixer_PlatformExtensions.h */,
				00D6370A1913B570004F6671 /* ALmixer_RWops.h */,
			);
			name = include;
			path = ../../include;
			sourceTree = "<group>";
		};
		00D6370B1913B570004F6671 /* src */ = {
			isa = PBXGroup;
			children = (
				00D6370C1913B571004F6671 /* ALmixer.c */,
				00D6370D1913B571004F6671 /* ALmixer_AndroidExtensions.c */,
				00D6370E1913B571004F6671 /* ALmixer_AndroidExtensions.h */,
				00D6370F1913B571004F6671 /* CircularQueue.c */,
				00D637101913B571004F6671 /* CircularQueue.h */,
				00D637111913B571004F6671 /* LinkedList.c */,
				00D637121913B571004F6671 /* LinkedList.h */,
				00D637131913B571004F6671 /* StandAlone */,
				00D637491913B571004F6671 /* tErrorLib.c */,
				00D6374A1913B571004F6671 /* tErrorLib.h */,
			);
			name = src;
			path = ../../src;
			sourceTree = "<group>";
		};
		00D637131913B571004F6671 /* StandAlone */ = {
			isa = PBXGroup;
			children = (
				00D637141913B571004F6671 /* SDL */,
				00D637351913B571004F6671 /* SimpleMutex.c */,
				00D637361913B571004F6671 /* SimpleMutex.h */,
				00D637371913B571004F6671 /* SimpleThread.h */,
				00D637381913B571004F6671 /* SimpleThreadPosix.c */,
				00D637391913B571004F6671 /* SimpleThreadWindows.c */,
				00D6373A1913B571004F6671 /* SoundDecoder */,
			);
			path = StandAlone;
			sourceTree = "<group>";
		};
		00D637141913B571004F6671 /* SDL */ = {
			isa = PBXGroup;
			children = (
				00D637151913B571004F6671 /* include */,
				00D637261913B571004F6671 /* src */,
			);
			path = SDL;
			sourceTree = "<group>";
		};
		00D637151913B571004F6671 /* include */ = {
			isa = PBXGroup;
			children = (
				00D637161913B571004F6671 /* ALmixer_begin_code.h */,
				00D637171913B571004F6671 /* ALmixer_close_code.h */,
				00D637181913B571004F6671 /* ALmixer_config.h */,
				00D637191913B571004F6671 /* ALmixer_config_android.h */,
				00D6371A1913B571004F6671 /* ALmixer_config_iphoneos.h */,
				00D6371B1913B571004F6671 /* ALmixer_config_macosx.h */,
				00D6371C1913B571004F6671 /* ALmixer_config_minimal.h */,
				00D6371D1913B571004F6671 /* ALmixer_config_pandora.h */,
				00D6371E1913B571004F6671 /* ALmixer_config_psp.h */,
				00D6371F1913B571004F6671 /* ALmixer_config_windows.h */,
				00D637201913B571004F6671 /* ALmixer_config_winrt.h */,
				00D637211913B571004F6671 /* ALmixer_config_wiz.h */,
				00D637221913B571004F6671 /* ALmixer_endian.h */,
				00D637231913B571004F6671 /* ALmixer_platform.h */,
				00D637241913B571004F6671 /* ALmixer_stdinc.h */,
				00D637251913B571004F6671 /* ALmixer_system.h */,
			);
			path = include;
			sourceTree = "<group>";
		};
		00D637261913B571004F6671 /* src */ = {
			isa = PBXGroup;
			children = (
				00D637271913B571004F6671 /* ALmixer_internal.h */,
				00D637281913B571004F6671 /* core */,
				00D6372C1913B571004F6671 /* file */,
				00D637311913B571004F6671 /* stdlib */,
			);
			path = src;
			sourceTree = "<group>";
		};
		00D637281913B571004F6671 /* core */ = {
			isa = PBXGroup;
			children = (
				00D637291913B571004F6671 /* android */,
			);
			path = core;
			sourceTree = "<group>";
		};
		00D637291913B571004F6671 /* android */ = {
			isa = PBXGroup;
			children = (
				00D6372A1913B571004F6671 /* ALmixer_android.c */,
				00D6372B1913B571004F6671 /* ALmixer_android.h */,
			);
			path = android;
			sourceTree = "<group>";
		};
		00D6372C1913B571004F6671 /* file */ = {
			isa = PBXGroup;
			children = (
				00D6372D1913B571004F6671 /* ALmixer_RWops.c */,
				00D6372E1913B571004F6671 /* cocoa */,
			);
			path = file;
			sourceTree = "<group>";
		};
		00D6372E1913B571004F6671 /* cocoa */ = {
			isa = PBXGroup;
			children = (
				00D6372F1913B571004F6671 /* ALmixer_rwopsbundlesupport.h */,
				00D637301913B571004F6671 /* ALmixer_rwopsbundlesupport.m */,
			);
			path = cocoa;
			sourceTree = "<group>";
		};
		00D637311913B571004F6671 /* stdlib */ = {
			isa = PBXGroup;
			children = (
				00D637321913B571004F6671 /* ALmixer_malloc.c */,
				00D637331913B571004F6671 /* ALmixer_stdlib.c */,
				00D637341913B571004F6671 /* ALmixer_string.c */,
			);
			path = stdlib;
			sourceTree = "<group>";
		};
		00D6373A1913B571004F6671 /* SoundDecoder */ = {
			isa = PBXGroup;
			children = (
				00D6373B1913B571004F6671 /* coreaudio.c */,
				00D6373C1913B571004F6671 /* LGPL */,
				00D637421913B571004F6671 /* OpenSLES_Android.c */,
				00D637431913B571004F6671 /* SoundDecoder.c */,
				00D637441913B571004F6671 /* SoundDecoder.h */,
				00D637451913B571004F6671 /* SoundDecoder_Internal.h */,
				00D637461913B571004F6671 /* WindowsMediaFoundation.cpp */,
				00D637471913B571004F6671 /* WindowsMediaFoundation_IMFByteStreamRWops.cpp */,
				00D637481913B571004F6671 /* WindowsMediaFoundation_IMFByteStreamRWops.hpp */,
			);
			path = SoundDecoder;
			sourceTree = "<group>";
		};
		00D6373C1913B571004F6671 /* LGPL */ = {
			isa = PBXGroup;
			children = (
				00D6373D1913B571004F6671 /* mpg123.c */,
				00D6373E1913B571004F6671 /* oggtremor.c */,
				00D6373F1913B571004F6671 /* oggvorbis.c */,
				00D637401913B571004F6671 /* SDL_sound_minimal.c */,
				00D637411913B571004F6671 /* wav.c */,
			);
			path = LGPL;
			sourceTree = "<group>";
		};
/* End PBXGroup section */

/* Begin PBXHeadersBuildPhase section */
		00605C5216254FDF00A479DE /* Headers */ = {
			isa = PBXHeadersBuildPhase;
			buildActionMask = 2147483647;
			files = (
				00D6374C1913B571004F6671 /* ALmixer_PlatformExtensions.h in Headers */,
				00D637691913B571004F6671 /* ALmixer_rwopsbundlesupport.h in Headers */,
				00D6374B1913B571004F6671 /* ALmixer.h in Headers */,
				00D6374D1913B571004F6671 /* ALmixer_RWops.h in Headers */,
				00D637591913B571004F6671 /* ALmixer_config_iphoneos.h in Headers */,
				00D637701913B571004F6671 /* SimpleThread.h in Headers */,
				00D6375B1913B571004F6671 /* ALmixer_config_minimal.h in Headers */,
				00D6375C1913B571004F6671 /* ALmixer_config_pandora.h in Headers */,
				00D637641913B571004F6671 /* ALmixer_system.h in Headers */,
				00D637621913B571004F6671 /* ALmixer_platform.h in Headers */,
				00D6377B1913B571004F6671 /* SoundDecoder.h in Headers */,
				00D637651913B571004F6671 /* ALmixer_internal.h in Headers */,
				00D637581913B571004F6671 /* ALmixer_config_android.h in Headers */,
				00D637561913B571004F6671 /* ALmixer_close_code.h in Headers */,
				00D6375A1913B571004F6671 /* ALmixer_config_macosx.h in Headers */,
				00D637551913B571004F6671 /* ALmixer_begin_code.h in Headers */,
				00D637521913B571004F6671 /* CircularQueue.h in Headers */,
				00D637571913B571004F6671 /* ALmixer_config.h in Headers */,
				00D6375D1913B571004F6671 /* ALmixer_config_psp.h in Headers */,
				00D637601913B571004F6671 /* ALmixer_config_wiz.h in Headers */,
				00D637811913B571004F6671 /* tErrorLib.h in Headers */,
				00D637541913B571004F6671 /* LinkedList.h in Headers */,
				00D637611913B571004F6671 /* ALmixer_endian.h in Headers */,
				00D6376F1913B571004F6671 /* SimpleMutex.h in Headers */,
				00D6377C1913B571004F6671 /* SoundDecoder_Internal.h in Headers */,
				00D6375F1913B571004F6671 /* ALmixer_config_winrt.h in Headers */,
				00D637631913B571004F6671 /* ALmixer_stdinc.h in Headers */,
				00D6375E1913B571004F6671 /* ALmixer_config_windows.h in Headers */,
			);
			runOnlyForDeploymentPostprocessing = 0;
		};
/* End PBXHeadersBuildPhase section */

/* Begin PBXNativeTarget section */
		00605C5316254FDF00A479DE /* ALmixer */ = {
			isa = PBXNativeTarget;
			buildConfigurationList = 00605C6116254FDF00A479DE /* Build configuration list for PBXNativeTarget "ALmixer" */;
			buildPhases = (
				00605C5016254FDF00A479DE /* Sources */,
				00605C5116254FDF00A479DE /* Frameworks */,
				00605C5216254FDF00A479DE /* Headers */,
			);
			buildRules = (
			);
			dependencies = (
			);
			name = ALmixer;
			productName = ALmixer;
			productReference = 00605C5416254FDF00A479DE /* libALmixer.a */;
			productType = "com.apple.product-type.library.static";
		};
		00605D881625571E00A479DE /* playstream */ = {
			isa = PBXNativeTarget;
			buildConfigurationList = 00605DAB1625571F00A479DE /* Build configuration list for PBXNativeTarget "playstream" */;
			buildPhases = (
				00605D851625571E00A479DE /* Sources */,
				00605D861625571E00A479DE /* Frameworks */,
				00605D871625571E00A479DE /* Resources */,
			);
			buildRules = (
			);
			dependencies = (
				00605DB21625582500A479DE /* PBXTargetDependency */,
			);
			name = playstream;
			productName = playstream;
			productReference = 00605D891625571E00A479DE /* playstream.app */;
			productType = "com.apple.product-type.application";
		};
/* End PBXNativeTarget section */

/* Begin PBXProject section */
		00605C4B16254FDF00A479DE /* Project object */ = {
			isa = PBXProject;
			attributes = {
				LastUpgradeCheck = 0500;
				ORGANIZATIONNAME = "PlayControl Software, LLC";
			};
			buildConfigurationList = 00605C4E16254FDF00A479DE /* Build configuration list for PBXProject "ALmixer" */;
			compatibilityVersion = "Xcode 3.2";
			developmentRegion = English;
			hasScannedForEncodings = 0;
			knownRegions = (
				en,
			);
			mainGroup = 00605C4916254FDF00A479DE;
			productRefGroup = 00605C5516254FDF00A479DE /* Products */;
			projectDirPath = "";
			projectRoot = "";
			targets = (
				00605C5316254FDF00A479DE /* ALmixer */,
				00605D881625571E00A479DE /* playstream */,
			);
		};
/* End PBXProject section */

/* Begin PBXResourcesBuildPhase section */
		00605D871625571E00A479DE /* Resources */ = {
			isa = PBXResourcesBuildPhase;
			buildActionMask = 2147483647;
			files = (
				00605D971625571E00A479DE /* InfoPlist.strings in Resources */,
				00605D9F1625571E00A479DE /* Shader.fsh in Resources */,
				00605DA11625571E00A479DE /* Shader.vsh in Resources */,
				00605DA71625571F00A479DE /* ViewController_iPhone.xib in Resources */,
				00605DAA1625571F00A479DE /* ViewController_iPad.xib in Resources */,
				00D4D9E616255E6400B27F02 /* battle_hymn_of_the_republic.mp3 in Resources */,
			);
			runOnlyForDeploymentPostprocessing = 0;
		};
/* End PBXResourcesBuildPhase section */

/* Begin PBXSourcesBuildPhase section */
		00605C5016254FDF00A479DE /* Sources */ = {
			isa = PBXSourcesBuildPhase;
			buildActionMask = 2147483647;
			files = (
				00D6376A1913B571004F6671 /* ALmixer_rwopsbundlesupport.m in Sources */,
				00D637801913B571004F6671 /* tErrorLib.c in Sources */,
				00D637711913B571004F6671 /* SimpleThreadPosix.c in Sources */,
				00D6376D1913B571004F6671 /* ALmixer_string.c in Sources */,
				00D637731913B571004F6671 /* coreaudio.c in Sources */,
				00D637531913B571004F6671 /* LinkedList.c in Sources */,
				00D6377A1913B571004F6671 /* SoundDecoder.c in Sources */,
				00D6376B1913B571004F6671 /* ALmixer_malloc.c in Sources */,
				00D637681913B571004F6671 /* ALmixer_RWops.c in Sources */,
				00D6376C1913B571004F6671 /* ALmixer_stdlib.c in Sources */,
				00D6374E1913B571004F6671 /* ALmixer.c in Sources */,
				00D6376E1913B571004F6671 /* SimpleMutex.c in Sources */,
				00D637511913B571004F6671 /* CircularQueue.c in Sources */,
			);
			runOnlyForDeploymentPostprocessing = 0;
		};
		00605D851625571E00A479DE /* Sources */ = {
			isa = PBXSourcesBuildPhase;
			buildActionMask = 2147483647;
			files = (
				00605D991625571E00A479DE /* main.m in Sources */,
				00605D9D1625571E00A479DE /* AppDelegate.m in Sources */,
				00605DA41625571F00A479DE /* ViewController.m in Sources */,
			);
			runOnlyForDeploymentPostprocessing = 0;
		};
/* End PBXSourcesBuildPhase section */

/* Begin PBXTargetDependency section */
		00605DB21625582500A479DE /* PBXTargetDependency */ = {
			isa = PBXTargetDependency;
			target = 00605C5316254FDF00A479DE /* ALmixer */;
			targetProxy = 00605DB11625582500A479DE /* PBXContainerItemProxy */;
		};
/* End PBXTargetDependency section */

/* Begin PBXVariantGroup section */
		00605D951625571E00A479DE /* InfoPlist.strings */ = {
			isa = PBXVariantGroup;
			children = (
				00605D961625571E00A479DE /* en */,
			);
			name = InfoPlist.strings;
			sourceTree = "<group>";
		};
		00605DA51625571F00A479DE /* ViewController_iPhone.xib */ = {
			isa = PBXVariantGroup;
			children = (
				00605DA61625571F00A479DE /* en */,
			);
			name = ViewController_iPhone.xib;
			sourceTree = "<group>";
		};
		00605DA81625571F00A479DE /* ViewController_iPad.xib */ = {
			isa = PBXVariantGroup;
			children = (
				00605DA91625571F00A479DE /* en */,
			);
			name = ViewController_iPad.xib;
			sourceTree = "<group>";
		};
/* End PBXVariantGroup section */

/* Begin XCBuildConfiguration section */
		00605C5F16254FDF00A479DE /* Debug */ = {
			isa = XCBuildConfiguration;
			buildSettings = {
				ALWAYS_SEARCH_USER_PATHS = NO;
				CLANG_WARN_BOOL_CONVERSION = YES;
				CLANG_WARN_CONSTANT_CONVERSION = YES;
				CLANG_WARN_EMPTY_BODY = YES;
				CLANG_WARN_ENUM_CONVERSION = YES;
				CLANG_WARN_INT_CONVERSION = YES;
				CLANG_WARN__DUPLICATE_METHOD_MATCH = YES;
				COPY_PHASE_STRIP = NO;
				GCC_C_LANGUAGE_STANDARD = gnu99;
				GCC_DYNAMIC_NO_PIC = NO;
				GCC_OPTIMIZATION_LEVEL = 0;
				GCC_PREPROCESSOR_DEFINITIONS = (
					ALMIXER_COMPILE_WITHOUT_SDL,
					ENABLE_ALMIXER_THREADS,
				);
				GCC_SYMBOLS_PRIVATE_EXTERN = NO;
				GCC_VERSION = com.apple.compilers.llvm.clang.1_0;
				GCC_WARN_64_TO_32_BIT_CONVERSION = YES;
				GCC_WARN_ABOUT_RETURN_TYPE = YES;
				GCC_WARN_UNDECLARED_SELECTOR = YES;
				GCC_WARN_UNINITIALIZED_AUTOS = YES;
				GCC_WARN_UNUSED_FUNCTION = YES;
				GCC_WARN_UNUSED_VARIABLE = YES;
				IPHONEOS_DEPLOYMENT_TARGET = 5.1;
				ONLY_ACTIVE_ARCH = YES;
				SDKROOT = iphoneos;
				USER_HEADER_SEARCH_PATHS = "$(BASE_SDK)/System/Library/Frameworks/OpenAL.framework/Headers \"$(SDKROOT)/System/Library/Frameworks/OpenAL.framework/Headers\" \"$(SRCROOT)/../../include\" \"$(SRCROOT)/../../src\"/**";
			};
			name = Debug;
		};
		00605C6016254FDF00A479DE /* Release */ = {
			isa = XCBuildConfiguration;
			buildSettings = {
				ALWAYS_SEARCH_USER_PATHS = NO;
				CLANG_WARN_BOOL_CONVERSION = YES;
				CLANG_WARN_CONSTANT_CONVERSION = YES;
				CLANG_WARN_EMPTY_BODY = YES;
				CLANG_WARN_ENUM_CONVERSION = YES;
				CLANG_WARN_INT_CONVERSION = YES;
				CLANG_WARN__DUPLICATE_METHOD_MATCH = YES;
				COPY_PHASE_STRIP = YES;
				GCC_C_LANGUAGE_STANDARD = gnu99;
				GCC_PREPROCESSOR_DEFINITIONS = (
					ALMIXER_COMPILE_WITHOUT_SDL,
					ENABLE_ALMIXER_THREADS,
				);
				GCC_VERSION = com.apple.compilers.llvm.clang.1_0;
				GCC_WARN_64_TO_32_BIT_CONVERSION = YES;
				GCC_WARN_ABOUT_RETURN_TYPE = YES;
				GCC_WARN_UNDECLARED_SELECTOR = YES;
				GCC_WARN_UNINITIALIZED_AUTOS = YES;
				GCC_WARN_UNUSED_FUNCTION = YES;
				GCC_WARN_UNUSED_VARIABLE = YES;
				IPHONEOS_DEPLOYMENT_TARGET = 5.1;
				SDKROOT = iphoneos;
				USER_HEADER_SEARCH_PATHS = "$(BASE_SDK)/System/Library/Frameworks/OpenAL.framework/Headers \"$(SDKROOT)/System/Library/Frameworks/OpenAL.framework/Headers\" \"$(SRCROOT)/../../include\" \"$(SRCROOT)/../../src\"/**";
				VALIDATE_PRODUCT = YES;
			};
			name = Release;
		};
		00605C6216254FDF00A479DE /* Debug */ = {
			isa = XCBuildConfiguration;
			buildSettings = {
				DSTROOT = /tmp/ALmixer.dst;
				OTHER_LDFLAGS = "-ObjC";
				PRODUCT_NAME = "$(TARGET_NAME)";
				SKIP_INSTALL = YES;
			};
			name = Debug;
		};
		00605C6316254FDF00A479DE /* Release */ = {
			isa = XCBuildConfiguration;
			buildSettings = {
				DSTROOT = /tmp/ALmixer.dst;
				OTHER_LDFLAGS = "-ObjC";
				PRODUCT_NAME = "$(TARGET_NAME)";
				SKIP_INSTALL = YES;
			};
			name = Release;
		};
		00605DAC1625571F00A479DE /* Debug */ = {
			isa = XCBuildConfiguration;
			buildSettings = {
				"CODE_SIGN_IDENTITY[sdk=iphoneos*]" = "iPhone Developer";
				GCC_PRECOMPILE_PREFIX_HEADER = YES;
				GCC_PREFIX_HEADER = "playstream/playstream-Prefix.pch";
				GCC_PREPROCESSOR_DEFINITIONS = (
					"DEBUG=1",
					"$(inherited)",
				);
				"GCC_THUMB_SUPPORT[arch=armv6]" = "";
				INFOPLIST_FILE = "playstream/playstream-Info.plist";
				PRODUCT_NAME = "$(TARGET_NAME)";
				TARGETED_DEVICE_FAMILY = "1,2";
				WRAPPER_EXTENSION = app;
			};
			name = Debug;
		};
		00605DAD1625571F00A479DE /* Release */ = {
			isa = XCBuildConfiguration;
			buildSettings = {
				"CODE_SIGN_IDENTITY[sdk=iphoneos*]" = "iPhone Developer";
				GCC_PRECOMPILE_PREFIX_HEADER = YES;
				GCC_PREFIX_HEADER = "playstream/playstream-Prefix.pch";
				"GCC_THUMB_SUPPORT[arch=armv6]" = "";
				INFOPLIST_FILE = "playstream/playstream-Info.plist";
				OTHER_CFLAGS = "-DNS_BLOCK_ASSERTIONS=1";
				PRODUCT_NAME = "$(TARGET_NAME)";
				TARGETED_DEVICE_FAMILY = "1,2";
				WRAPPER_EXTENSION = app;
			};
			name = Release;
		};
/* End XCBuildConfiguration section */

/* Begin XCConfigurationList section */
		00605C4E16254FDF00A479DE /* Build configuration list for PBXProject "ALmixer" */ = {
			isa = XCConfigurationList;
			buildConfigurations = (
				00605C5F16254FDF00A479DE /* Debug */,
				00605C6016254FDF00A479DE /* Release */,
			);
			defaultConfigurationIsVisible = 0;
			defaultConfigurationName = Release;
		};
		00605C6116254FDF00A479DE /* Build configuration list for PBXNativeTarget "ALmixer" */ = {
			isa = XCConfigurationList;
			buildConfigurations = (
				00605C6216254FDF00A479DE /* Debug */,
				00605C6316254FDF00A479DE /* Release */,
			);
			defaultConfigurationIsVisible = 0;
			defaultConfigurationName = Release;
		};
		00605DAB1625571F00A479DE /* Build configuration list for PBXNativeTarget "playstream" */ = {
			isa = XCConfigurationList;
			buildConfigurations = (
				00605DAC1625571F00A479DE /* Debug */,
				00605DAD1625571F00A479DE /* Release */,
			);
			defaultConfigurationIsVisible = 0;
			defaultConfigurationName = Release;
		};
/* End XCConfigurationList section */
	};
	rootObject = 00605C4B16254FDF00A479DE /* Project object */;
}
